<?xml version="1.0" encoding="utf-8"?>
<Project ToolsVersion="4.0" xmlns="http://schemas.microsoft.com/developer/msbuild/2003">
  <ItemGroup>
    <Filter Include="include">
      <UniqueIdentifier>{93995380-89BD-4b04-88EB-625FBE52EBFB}</UniqueIdentifier>
      <Extensions>h;hh;hpp;hxx;hm;inl;inc;xsd</Extensions>
    </Filter>
    <Filter Include="src">
      <UniqueIdentifier>{4FC737F1-C7A5-4376-A066-2A32D752A2FF}</UniqueIdentifier>
      <Extensions>cpp;c;cc;cxx;def;odl;idl;hpj;bat;asm;asmx</Extensions>
    </Filter>
    <Filter Include="res">
      <UniqueIdentifier>{67DA6AB6-F800-4c08-8B7A-83BB121AAD01}</UniqueIdentifier>
      <Extensions>rc;ico;cur;bmp;dlg;rc2;rct;bin;rgs;gif;jpg;jpeg;jpe;resx;tiff;tif;png;wav;mfcribbon-ms</Extensions>
    </Filter>
  </ItemGroup>
  <ItemGroup>
    <Manifest Include="..\res\WidgetStyle.Manifest">
      <Filter>res</Filter>
    </Manifest>
  </ItemGroup>
  <ItemGroup>
    <ClInclude Include="..\res\Resource.h">
      <Filter>res</Filter>
    </ClInclude>
    <ClInclude Include="..\src\EPlayer.h">
      <Filter>include</Filter>
    </ClInclude>
    <ClInclude Include="..\sdk\EPlayerAPI.h">
      <Filter>include</Filter>
    </ClInclude>
    <ClInclude Include="..\src\MediaEngine.h">
      <Filter>include</Filter>
    </ClInclude>
  </ItemGroup>
  <ItemGroup>
    <Image Include="..\res\icon.ico">
      <Filter>res</Filter>
    </Image>
    <Image Include="..\res\logo.bmp">
      <Filter>res</Filter>
    </Image>
    <Image Include="..\res\toolbar.bmp">
      <Filter>res</Filter>
    </Image>
  </ItemGroup>
  <ItemGroup>
    <ClCompile Include="..\src\EPlayer.cpp">
      <Filter>src</Filter>
    </ClCompile>
    <ClCompile Include="..\src\MediaEngine.cpp">
      <Filter>src</Filter>
    </ClCompile>
  </ItemGroup>
  <ItemGroup>
    <None Include="..\..\..\..\EPlayerSDK\project\win\EPlayerSDK.vcxproj.filters" />
  </ItemGroup>
  <ItemGroup>
    <ResourceCompile Include="..\res\EPlayer.rc">
      <Filter>res</Filter>
    </ResourceCompile>
  </ItemGroup>
</Project>