// !$*UTF8*$!
{
	archiveVersion = 1;
	classes = {
	};
	objectVersion = 46;
	objects = {

/* Begin PBXBuildFile section */
		0201F6621EF2657200252692 /* PlayVideoViewController.m in Sources */ = {isa = PBXBuildFile; fileRef = 0201F6611EF2657200252692 /* PlayVideoViewController.m */; };
		0201F6701EF2711500252692 /* libz.tbd in Frameworks */ = {isa = PBXBuildFile; fileRef = 0201F66F1EF2711500252692 /* libz.tbd */; };
		0201F6721EF2740D00252692 /* libbz2.tbd in Frameworks */ = {isa = PBXBuildFile; fileRef = 0201F6711EF2740D00252692 /* libbz2.tbd */; };
		901F90131EEDB04800AF3FD6 /* AppRootNavigationViewController.m in Sources */ = {isa = PBXBuildFile; fileRef = 901F90121EEDB04800AF3FD6 /* AppRootNavigationViewController.m */; };
		903B247B1EF6594B00794632 /* btn_close_normal.png in Resources */ = {isa = PBXBuildFile; fileRef = 903B24571EF6594B00794632 /* btn_close_normal.png */; };
		903B247C1EF6594B00794632 /* btn_close_normal@2x.png in Resources */ = {isa = PBXBuildFile; fileRef = 903B24581EF6594B00794632 /* btn_close_normal@2x.png */; };
		903B247D1EF6594B00794632 /* btn_close_selected.png in Resources */ = {isa = PBXBuildFile; fileRef = 903B24591EF6594B00794632 /* btn_close_selected.png */; };
		903B247E1EF6594B00794632 /* btn_close_selected@2x.png in Resources */ = {isa = PBXBuildFile; fileRef = 903B245A1EF6594B00794632 /* btn_close_selected@2x.png */; };
		903B247F1EF6594B00794632 /* DXAlertView.m in Sources */ = {isa = PBXBuildFile; fileRef = 903B245C1EF6594B00794632 /* DXAlertView.m */; };
		903B24801EF6594B00794632 /* JRToast.m in Sources */ = {isa = PBXBuildFile; fileRef = 903B24601EF6594B00794632 /* JRToast.m */; };
		903B24811EF6594B00794632 /* MBProgressHUD.m in Sources */ = {isa = PBXBuildFile; fileRef = 903B24631EF6594B00794632 /* MBProgressHUD.m */; };
		903B24821EF6594B00794632 /* UINavigationBarEx.m in Sources */ = {isa = PBXBuildFile; fileRef = 903B24661EF6594B00794632 /* UINavigationBarEx.m */; };
		903B24831EF6594B00794632 /* WMMenuItem.m in Sources */ = {isa = PBXBuildFile; fileRef = 903B246A1EF6594B00794632 /* WMMenuItem.m */; };
		903B24841EF6594B00794632 /* WMMenuView.m in Sources */ = {isa = PBXBuildFile; fileRef = 903B246C1EF6594B00794632 /* WMMenuView.m */; };
		903B24851EF6594B00794632 /* WMProgressView.m in Sources */ = {isa = PBXBuildFile; fileRef = 903B246E1EF6594B00794632 /* WMProgressView.m */; };
		903B24861EF6594B00794632 /* WMScrollView.m in Sources */ = {isa = PBXBuildFile; fileRef = 903B24701EF6594B00794632 /* WMScrollView.m */; };
		903B24871EF6594B00794632 /* WMPageController.m in Sources */ = {isa = PBXBuildFile; fileRef = 903B24721EF6594B00794632 /* WMPageController.m */; };
		903B24881EF6594B00794632 /* WMPanGestureRecognizer.m in Sources */ = {isa = PBXBuildFile; fileRef = 903B24751EF6594B00794632 /* WMPanGestureRecognizer.m */; };
		903B24891EF6594B00794632 /* YiRefreshFooter.m in Sources */ = {isa = PBXBuildFile; fileRef = 903B24781EF6594B00794632 /* YiRefreshFooter.m */; };
		903B248A1EF6594B00794632 /* YiRefreshHeader.m in Sources */ = {isa = PBXBuildFile; fileRef = 903B247A1EF6594B00794632 /* YiRefreshHeader.m */; };
		907FE33A1EF303AA0052734C /* libEPlayerSDK.a in Frameworks */ = {isa = PBXBuildFile; fileRef = 0201F6651EF2671900252692 /* libEPlayerSDK.a */; };
		907FE33E1EF303EB0052734C /* AudioToolbox.framework in Frameworks */ = {isa = PBXBuildFile; fileRef = 907FE33D1EF303EB0052734C /* AudioToolbox.framework */; };
		907FE3421EF3042B0052734C /* UIKit.framework in Frameworks */ = {isa = PBXBuildFile; fileRef = 907FE3411EF3042B0052734C /* UIKit.framework */; };
		907FE3441EF3043B0052734C /* OpenGLES.framework in Frameworks */ = {isa = PBXBuildFile; fileRef = 907FE3431EF3043B0052734C /* OpenGLES.framework */; };
		907FE3461EF304440052734C /* QuartzCore.framework in Frameworks */ = {isa = PBXBuildFile; fileRef = 907FE3451EF304440052734C /* QuartzCore.framework */; };
		907FE3471EF304660052734C /* CoreGraphics.framework in Frameworks */ = {isa = PBXBuildFile; fileRef = 907FE33F1EF303F80052734C /* CoreGraphics.framework */; };
		907FE3491EF304850052734C /* Photos.framework in Frameworks */ = {isa = PBXBuildFile; fileRef = 907FE3481EF304850052734C /* Photos.framework */; };
		907FE34D1EF305170052734C /* CoreMedia.framework in Frameworks */ = {isa = PBXBuildFile; fileRef = 907FE34C1EF305170052734C /* CoreMedia.framework */; };
		907FE34E1EF3053F0052734C /* AVFoundation.framework in Frameworks */ = {isa = PBXBuildFile; fileRef = 907FE33B1EF303CE0052734C /* AVFoundation.framework */; };
		90BB0A321EEC282C00627989 /* main.m in Sources */ = {isa = PBXBuildFile; fileRef = 90BB0A311EEC282C00627989 /* main.m */; };
		90BB0A351EEC282C00627989 /* AppDelegate.m in Sources */ = {isa = PBXBuildFile; fileRef = 90BB0A341EEC282C00627989 /* AppDelegate.m */; };
		90BB0A3B1EEC282C00627989 /* Main.storyboard in Resources */ = {isa = PBXBuildFile; fileRef = 90BB0A391EEC282C00627989 /* Main.storyboard */; };
		90BB0A3D1EEC282C00627989 /* Assets.xcassets in Resources */ = {isa = PBXBuildFile; fileRef = 90BB0A3C1EEC282C00627989 /* Assets.xcassets */; };
		90BB0A401EEC282C00627989 /* LaunchScreen.storyboard in Resources */ = {isa = PBXBuildFile; fileRef = 90BB0A3E1EEC282C00627989 /* LaunchScreen.storyboard */; };
		90BB0A4D1EEC2C3D00627989 /* MainViewController.m in Sources */ = {isa = PBXBuildFile; fileRef = 90BB0A4C1EEC2C3D00627989 /* MainViewController.m */; };
		90BB0A7A1EEC3F5600627989 /* VideoInfoTableViewCell.m in Sources */ = {isa = PBXBuildFile; fileRef = 90BB0A791EEC3F5600627989 /* VideoInfoTableViewCell.m */; };
		90F8AD401EED046500AF594F /* VideoFilesTableViewController.m in Sources */ = {isa = PBXBuildFile; fileRef = 90F8AD3F1EED046500AF594F /* VideoFilesTableViewController.m */; };
/* End PBXBuildFile section */

/* Begin PBXFileReference section */
		0201F6601EF2657200252692 /* PlayVideoViewController.h */ = {isa = PBXFileReference; fileEncoding = 4; lastKnownFileType = sourcecode.c.h; name = PlayVideoViewController.h; path = PlaybackView/PlayVideoViewController.h; sourceTree = "<group>"; };
		0201F6611EF2657200252692 /* PlayVideoViewController.m */ = {isa = PBXFileReference; fileEncoding = 4; lastKnownFileType = sourcecode.c.objc; name = PlayVideoViewController.m; path = PlaybackView/PlayVideoViewController.m; sourceTree = "<group>"; };
		0201F6631EF265E900252692 /* EPlayerAPI.h */ = {isa = PBXFileReference; fileEncoding = 4; lastKnownFileType = sourcecode.c.h; name = EPlayerAPI.h; path = ../sdk/EPlayerAPI.h; sourceTree = "<group>"; };
		0201F6651EF2671900252692 /* libEPlayerSDK.a */ = {isa = PBXFileReference; lastKnownFileType = archive.ar; name = libEPlayerSDK.a; path = ../sdk/libEPlayerSDK.a; sourceTree = "<group>"; };
		0201F66F1EF2711500252692 /* libz.tbd */ = {isa = PBXFileReference; lastKnownFileType = "sourcecode.text-based-dylib-definition"; name = libz.tbd; path = usr/lib/libz.tbd; sourceTree = SDKROOT; };
		0201F6711EF2740D00252692 /* libbz2.tbd */ = {isa = PBXFileReference; lastKnownFileType = "sourcecode.text-based-dylib-definition"; name = libbz2.tbd; path = usr/lib/libbz2.tbd; sourceTree = SDKROOT; };
		901F90111EEDB04800AF3FD6 /* AppRootNavigationViewController.h */ = {isa = PBXFileReference; fileEncoding = 4; lastKnownFileType = sourcecode.c.h; path = AppRootNavigationViewController.h; sourceTree = "<group>"; };
		901F90121EEDB04800AF3FD6 /* AppRootNavigationViewController.m */ = {isa = PBXFileReference; fileEncoding = 4; lastKnownFileType = sourcecode.c.objc; path = AppRootNavigationViewController.m; sourceTree = "<group>"; };
		903B24571EF6594B00794632 /* btn_close_normal.png */ = {isa = PBXFileReference; lastKnownFileType = image.png; path = btn_close_normal.png; sourceTree = "<group>"; };
		903B24581EF6594B00794632 /* btn_close_normal@2x.png */ = {isa = PBXFileReference; lastKnownFileType = image.png; path = "btn_close_normal@2x.png"; sourceTree = "<group>"; };
		903B24591EF6594B00794632 /* btn_close_selected.png */ = {isa = PBXFileReference; lastKnownFileType = image.png; path = btn_close_selected.png; sourceTree = "<group>"; };
		903B245A1EF6594B00794632 /* btn_close_selected@2x.png */ = {isa = PBXFileReference; lastKnownFileType = image.png; path = "btn_close_selected@2x.png"; sourceTree = "<group>"; };
		903B245B1EF6594B00794632 /* DXAlertView.h */ = {isa = PBXFileReference; fileEncoding = 4; lastKnownFileType = sourcecode.c.h; path = DXAlertView.h; sourceTree = "<group>"; };
		903B245C1EF6594B00794632 /* DXAlertView.m */ = {isa = PBXFileReference; fileEncoding = 4; lastKnownFileType = sourcecode.c.objc; path = DXAlertView.m; sourceTree = "<group>"; };
		903B245F1EF6594B00794632 /* JRToast.h */ = {isa = PBXFileReference; fileEncoding = 4; lastKnownFileType = sourcecode.c.h; path = JRToast.h; sourceTree = "<group>"; };
		903B24601EF6594B00794632 /* JRToast.m */ = {isa = PBXFileReference; fileEncoding = 4; lastKnownFileType = sourcecode.c.objc; path = JRToast.m; sourceTree = "<group>"; };
		903B24621EF6594B00794632 /* MBProgressHUD.h */ = {isa = PBXFileReference; fileEncoding = 4; lastKnownFileType = sourcecode.c.h; path = MBProgressHUD.h; sourceTree = "<group>"; };
		903B24631EF6594B00794632 /* MBProgressHUD.m */ = {isa = PBXFileReference; fileEncoding = 4; lastKnownFileType = sourcecode.c.objc; path = MBProgressHUD.m; sourceTree = "<group>"; };
		903B24651EF6594B00794632 /* UINavigationBarEx.h */ = {isa = PBXFileReference; fileEncoding = 4; lastKnownFileType = sourcecode.c.h; path = UINavigationBarEx.h; sourceTree = "<group>"; };
		903B24661EF6594B00794632 /* UINavigationBarEx.m */ = {isa = PBXFileReference; fileEncoding = 4; lastKnownFileType = sourcecode.c.objc; path = UINavigationBarEx.m; sourceTree = "<group>"; };
		903B24691EF6594B00794632 /* WMMenuItem.h */ = {isa = PBXFileReference; fileEncoding = 4; lastKnownFileType = sourcecode.c.h; path = WMMenuItem.h; sourceTree = "<group>"; };
		903B246A1EF6594B00794632 /* WMMenuItem.m */ = {isa = PBXFileReference; fileEncoding = 4; lastKnownFileType = sourcecode.c.objc; path = WMMenuItem.m; sourceTree = "<group>"; };
		903B246B1EF6594B00794632 /* WMMenuView.h */ = {isa = PBXFileReference; fileEncoding = 4; lastKnownFileType = sourcecode.c.h; path = WMMenuView.h; sourceTree = "<group>"; };
		903B246C1EF6594B00794632 /* WMMenuView.m */ = {isa = PBXFileReference; fileEncoding = 4; lastKnownFileType = sourcecode.c.objc; path = WMMenuView.m; sourceTree = "<group>"; };
		903B246D1EF6594B00794632 /* WMProgressView.h */ = {isa = PBXFileReference; fileEncoding = 4; lastKnownFileType = sourcecode.c.h; path = WMProgressView.h; sourceTree = "<group>"; };
		903B246E1EF6594B00794632 /* WMProgressView.m */ = {isa = PBXFileReference; fileEncoding = 4; lastKnownFileType = sourcecode.c.objc; path = WMProgressView.m; sourceTree = "<group>"; };
		903B246F1EF6594B00794632 /* WMScrollView.h */ = {isa = PBXFileReference; fileEncoding = 4; lastKnownFileType = sourcecode.c.h; path = WMScrollView.h; sourceTree = "<group>"; };
		903B24701EF6594B00794632 /* WMScrollView.m */ = {isa = PBXFileReference; fileEncoding = 4; lastKnownFileType = sourcecode.c.objc; path = WMScrollView.m; sourceTree = "<group>"; };
		903B24711EF6594B00794632 /* WMPageController.h */ = {isa = PBXFileReference; fileEncoding = 4; lastKnownFileType = sourcecode.c.h; path = WMPageController.h; sourceTree = "<group>"; };
		903B24721EF6594B00794632 /* WMPageController.m */ = {isa = PBXFileReference; fileEncoding = 4; lastKnownFileType = sourcecode.c.objc; path = WMPageController.m; sourceTree = "<group>"; };
		903B24741EF6594B00794632 /* WMPanGestureRecognizer.h */ = {isa = PBXFileReference; fileEncoding = 4; lastKnownFileType = sourcecode.c.h; path = WMPanGestureRecognizer.h; sourceTree = "<group>"; };
		903B24751EF6594B00794632 /* WMPanGestureRecognizer.m */ = {isa = PBXFileReference; fileEncoding = 4; lastKnownFileType = sourcecode.c.objc; path = WMPanGestureRecognizer.m; sourceTree = "<group>"; };
		903B24771EF6594B00794632 /* YiRefreshFooter.h */ = {isa = PBXFileReference; fileEncoding = 4; lastKnownFileType = sourcecode.c.h; path = YiRefreshFooter.h; sourceTree = "<group>"; };
		903B24781EF6594B00794632 /* YiRefreshFooter.m */ = {isa = PBXFileReference; fileEncoding = 4; lastKnownFileType = sourcecode.c.objc; path = YiRefreshFooter.m; sourceTree = "<group>"; };
		903B24791EF6594B00794632 /* YiRefreshHeader.h */ = {isa = PBXFileReference; fileEncoding = 4; lastKnownFileType = sourcecode.c.h; path = YiRefreshHeader.h; sourceTree = "<group>"; };
		903B247A1EF6594B00794632 /* YiRefreshHeader.m */ = {isa = PBXFileReference; fileEncoding = 4; lastKnownFileType = sourcecode.c.objc; path = YiRefreshHeader.m; sourceTree = "<group>"; };
		907FE33B1EF303CE0052734C /* AVFoundation.framework */ = {isa = PBXFileReference; lastKnownFileType = wrapper.framework; name = AVFoundation.framework; path = System/Library/Frameworks/AVFoundation.framework; sourceTree = SDKROOT; };
		907FE33D1EF303EB0052734C /* AudioToolbox.framework */ = {isa = PBXFileReference; lastKnownFileType = wrapper.framework; name = AudioToolbox.framework; path = System/Library/Frameworks/AudioToolbox.framework; sourceTree = SDKROOT; };
		907FE33F1EF303F80052734C /* CoreGraphics.framework */ = {isa = PBXFileReference; lastKnownFileType = wrapper.framework; name = CoreGraphics.framework; path = System/Library/Frameworks/CoreGraphics.framework; sourceTree = SDKROOT; };
		907FE3411EF3042B0052734C /* UIKit.framework */ = {isa = PBXFileReference; lastKnownFileType = wrapper.framework; name = UIKit.framework; path = System/Library/Frameworks/UIKit.framework; sourceTree = SDKROOT; };
		907FE3431EF3043B0052734C /* OpenGLES.framework */ = {isa = PBXFileReference; lastKnownFileType = wrapper.framework; name = OpenGLES.framework; path = System/Library/Frameworks/OpenGLES.framework; sourceTree = SDKROOT; };
		907FE3451EF304440052734C /* QuartzCore.framework */ = {isa = PBXFileReference; lastKnownFileType = wrapper.framework; name = QuartzCore.framework; path = System/Library/Frameworks/QuartzCore.framework; sourceTree = SDKROOT; };
		907FE3481EF304850052734C /* Photos.framework */ = {isa = PBXFileReference; lastKnownFileType = wrapper.framework; name = Photos.framework; path = System/Library/Frameworks/Photos.framework; sourceTree = SDKROOT; };
		907FE34C1EF305170052734C /* CoreMedia.framework */ = {isa = PBXFileReference; lastKnownFileType = wrapper.framework; name = CoreMedia.framework; path = System/Library/Frameworks/CoreMedia.framework; sourceTree = SDKROOT; };
		90BB0A2D1EEC282C00627989 /* EPlayer.app */ = {isa = PBXFileReference; explicitFileType = wrapper.application; includeInIndex = 0; path = EPlayer.app; sourceTree = BUILT_PRODUCTS_DIR; };
		90BB0A311EEC282C00627989 /* main.m */ = {isa = PBXFileReference; lastKnownFileType = sourcecode.c.objc; path = main.m; sourceTree = "<group>"; };
		90BB0A331EEC282C00627989 /* AppDelegate.h */ = {isa = PBXFileReference; lastKnownFileType = sourcecode.c.h; path = AppDelegate.h; sourceTree = "<group>"; };
		90BB0A341EEC282C00627989 /* AppDelegate.m */ = {isa = PBXFileReference; lastKnownFileType = sourcecode.c.objc; path = AppDelegate.m; sourceTree = "<group>"; };
		90BB0A3A1EEC282C00627989 /* Base */ = {isa = PBXFileReference; lastKnownFileType = file.storyboard; name = Base; path = Base.lproj/Main.storyboard; sourceTree = "<group>"; };
		90BB0A3C1EEC282C00627989 /* Assets.xcassets */ = {isa = PBXFileReference; lastKnownFileType = folder.assetcatalog; path = Assets.xcassets; sourceTree = "<group>"; };
		90BB0A3F1EEC282C00627989 /* Base */ = {isa = PBXFileReference; lastKnownFileType = file.storyboard; name = Base; path = Base.lproj/LaunchScreen.storyboard; sourceTree = "<group>"; };
		90BB0A411EEC282C00627989 /* Info.plist */ = {isa = PBXFileReference; lastKnownFileType = text.plist.xml; path = Info.plist; sourceTree = "<group>"; };
		90BB0A4B1EEC2C3D00627989 /* MainViewController.h */ = {isa = PBXFileReference; fileEncoding = 4; lastKnownFileType = sourcecode.c.h; path = MainViewController.h; sourceTree = "<group>"; };
		90BB0A4C1EEC2C3D00627989 /* MainViewController.m */ = {isa = PBXFileReference; fileEncoding = 4; lastKnownFileType = sourcecode.c.objc; path = MainViewController.m; sourceTree = "<group>"; };
		90BB0A781EEC3F5600627989 /* VideoInfoTableViewCell.h */ = {isa = PBXFileReference; fileEncoding = 4; lastKnownFileType = sourcecode.c.h; path = VideoInfoTableViewCell.h; sourceTree = "<group>"; };
		90BB0A791EEC3F5600627989 /* VideoInfoTableViewCell.m */ = {isa = PBXFileReference; fileEncoding = 4; lastKnownFileType = sourcecode.c.objc; path = VideoInfoTableViewCell.m; sourceTree = "<group>"; };
		90F8AD3E1EED046500AF594F /* VideoFilesTableViewController.h */ = {isa = PBXFileReference; fileEncoding = 4; lastKnownFileType = sourcecode.c.h; name = VideoFilesTableViewController.h; path = SubTableViewPages/VideoFilesTableViewController.h; sourceTree = "<group>"; };
		90F8AD3F1EED046500AF594F /* VideoFilesTableViewController.m */ = {isa = PBXFileReference; fileEncoding = 4; lastKnownFileType = sourcecode.c.objc; name = VideoFilesTableViewController.m; path = SubTableViewPages/VideoFilesTableViewController.m; sourceTree = "<group>"; };
/* End PBXFileReference section */

/* Begin PBXFrameworksBuildPhase section */
		90BB0A2A1EEC282C00627989 /* Frameworks */ = {
			isa = PBXFrameworksBuildPhase;
			buildActionMask = 2147483647;
			files = (
				0201F6701EF2711500252692 /* libz.tbd in Frameworks */,
				0201F6721EF2740D00252692 /* libbz2.tbd in Frameworks */,
				907FE33A1EF303AA0052734C /* libEPlayerSDK.a in Frameworks */,
				907FE3421EF3042B0052734C /* UIKit.framework in Frameworks */,
				907FE3491EF304850052734C /* Photos.framework in Frameworks */,
				907FE34D1EF305170052734C /* CoreMedia.framework in Frameworks */,
				907FE3441EF3043B0052734C /* OpenGLES.framework in Frameworks */,
				907FE3461EF304440052734C /* QuartzCore.framework in Frameworks */,
				907FE33E1EF303EB0052734C /* AudioToolbox.framework in Frameworks */,
				907FE3471EF304660052734C /* CoreGraphics.framework in Frameworks */,
				907FE34E1EF3053F0052734C /* AVFoundation.framework in Frameworks */,
			);
			runOnlyForDeploymentPostprocessing = 0;
		};
/* End PBXFrameworksBuildPhase section */

/* Begin PBXGroup section */
		0201F6641EF2671700252692 /* Frameworks */ = {
			isa = PBXGroup;
			children = (
				0201F66F1EF2711500252692 /* libz.tbd */,
				0201F6711EF2740D00252692 /* libbz2.tbd */,
				0201F6651EF2671900252692 /* libEPlayerSDK.a */,
				907FE3411EF3042B0052734C /* UIKit.framework */,
				907FE3481EF304850052734C /* Photos.framework */,
				907FE3431EF3043B0052734C /* OpenGLES.framework */,
				907FE34C1EF305170052734C /* CoreMedia.framework */,
				907FE3451EF304440052734C /* QuartzCore.framework */,
				907FE33D1EF303EB0052734C /* AudioToolbox.framework */,
				907FE33B1EF303CE0052734C /* AVFoundation.framework */,
				907FE33F1EF303F80052734C /* CoreGraphics.framework */,
			);
			name = Frameworks;
			sourceTree = "<group>";
		};
		903B24551EF6594B00794632 /* Thirdparty */ = {
			isa = PBXGroup;
			children = (
				903B24561EF6594B00794632 /* DixAlertView */,
				903B245D1EF6594B00794632 /* HyperlinksButton */,
				903B245E1EF6594B00794632 /* JRToast */,
				903B24611EF6594B00794632 /* UILoading */,
				903B24641EF6594B00794632 /* UINavigationBarEx */,
				903B24671EF6594B00794632 /* WMPageController */,
				903B24731EF6594B00794632 /* WMPageGesture */,
				903B24761EF6594B00794632 /* YiRefresh */,
			);
			name = Thirdparty;
			path = EPlayer/Thirdparty;
			sourceTree = "<group>";
		};
		903B24561EF6594B00794632 /* DixAlertView */ = {
			isa = PBXGroup;
			children = (
				903B24571EF6594B00794632 /* btn_close_normal.png */,
				903B24581EF6594B00794632 /* btn_close_normal@2x.png */,
				903B24591EF6594B00794632 /* btn_close_selected.png */,
				903B245A1EF6594B00794632 /* btn_close_selected@2x.png */,
				903B245B1EF6594B00794632 /* DXAlertView.h */,
				903B245C1EF6594B00794632 /* DXAlertView.m */,
			);
			path = DixAlertView;
			sourceTree = "<group>";
		};
		903B245D1EF6594B00794632 /* HyperlinksButton */ = {
			isa = PBXGroup;
			children = (
			);
			path = HyperlinksButton;
			sourceTree = "<group>";
		};
		903B245E1EF6594B00794632 /* JRToast */ = {
			isa = PBXGroup;
			children = (
				903B245F1EF6594B00794632 /* JRToast.h */,
				903B24601EF6594B00794632 /* JRToast.m */,
			);
			path = JRToast;
			sourceTree = "<group>";
		};
		903B24611EF6594B00794632 /* UILoading */ = {
			isa = PBXGroup;
			children = (
				903B24621EF6594B00794632 /* MBProgressHUD.h */,
				903B24631EF6594B00794632 /* MBProgressHUD.m */,
			);
			path = UILoading;
			sourceTree = "<group>";
		};
		903B24641EF6594B00794632 /* UINavigationBarEx */ = {
			isa = PBXGroup;
			children = (
				903B24651EF6594B00794632 /* UINavigationBarEx.h */,
				903B24661EF6594B00794632 /* UINavigationBarEx.m */,
			);
			path = UINavigationBarEx;
			sourceTree = "<group>";
		};
		903B24671EF6594B00794632 /* WMPageController */ = {
			isa = PBXGroup;
			children = (
				903B24681EF6594B00794632 /* WMMenuView */,
				903B24711EF6594B00794632 /* WMPageController.h */,
				903B24721EF6594B00794632 /* WMPageController.m */,
			);
			path = WMPageController;
			sourceTree = "<group>";
		};
		903B24681EF6594B00794632 /* WMMenuView */ = {
			isa = PBXGroup;
			children = (
				903B24691EF6594B00794632 /* WMMenuItem.h */,
				903B246A1EF6594B00794632 /* WMMenuItem.m */,
				903B246B1EF6594B00794632 /* WMMenuView.h */,
				903B246C1EF6594B00794632 /* WMMenuView.m */,
				903B246D1EF6594B00794632 /* WMProgressView.h */,
				903B246E1EF6594B00794632 /* WMProgressView.m */,
				903B246F1EF6594B00794632 /* WMScrollView.h */,
				903B24701EF6594B00794632 /* WMScrollView.m */,
			);
			path = WMMenuView;
			sourceTree = "<group>";
		};
		903B24731EF6594B00794632 /* WMPageGesture */ = {
			isa = PBXGroup;
			children = (
				903B24741EF6594B00794632 /* WMPanGestureRecognizer.h */,
				903B24751EF6594B00794632 /* WMPanGestureRecognizer.m */,
			);
			path = WMPageGesture;
			sourceTree = "<group>";
		};
		903B24761EF6594B00794632 /* YiRefresh */ = {
			isa = PBXGroup;
			children = (
				903B24771EF6594B00794632 /* YiRefreshFooter.h */,
				903B24781EF6594B00794632 /* YiRefreshFooter.m */,
				903B24791EF6594B00794632 /* YiRefreshHeader.h */,
				903B247A1EF6594B00794632 /* YiRefreshHeader.m */,
			);
			path = YiRefresh;
			sourceTree = "<group>";
		};
		90BB0A241EEC282C00627989 = {
			isa = PBXGroup;
			children = (
				90BB0A2F1EEC282C00627989 /* EPlayer */,
				90BB0A491EEC299F00627989 /* EPlayerSDK */,
				903B24551EF6594B00794632 /* Thirdparty */,
				90BB0A2E1EEC282C00627989 /* Products */,
				0201F6641EF2671700252692 /* Frameworks */,
			);
			sourceTree = "<group>";
		};
		90BB0A2E1EEC282C00627989 /* Products */ = {
			isa = PBXGroup;
			children = (
				90BB0A2D1EEC282C00627989 /* EPlayer.app */,
			);
			name = Products;
			sourceTree = "<group>";
		};
		90BB0A2F1EEC282C00627989 /* EPlayer */ = {
			isa = PBXGroup;
			children = (
				90BB0A331EEC282C00627989 /* AppDelegate.h */,
				90BB0A341EEC282C00627989 /* AppDelegate.m */,
				90BB0A4B1EEC2C3D00627989 /* MainViewController.h */,
				90BB0A4C1EEC2C3D00627989 /* MainViewController.m */,
				90BB0A781EEC3F5600627989 /* VideoInfoTableViewCell.h */,
				90BB0A791EEC3F5600627989 /* VideoInfoTableViewCell.m */,
				90F8AD3E1EED046500AF594F /* VideoFilesTableViewController.h */,
				90F8AD3F1EED046500AF594F /* VideoFilesTableViewController.m */,
				0201F6601EF2657200252692 /* PlayVideoViewController.h */,
				0201F6611EF2657200252692 /* PlayVideoViewController.m */,
				901F90111EEDB04800AF3FD6 /* AppRootNavigationViewController.h */,
				901F90121EEDB04800AF3FD6 /* AppRootNavigationViewController.m */,
				90BB0A391EEC282C00627989 /* Main.storyboard */,
				90BB0A3C1EEC282C00627989 /* Assets.xcassets */,
				90BB0A3E1EEC282C00627989 /* LaunchScreen.storyboard */,
				90BB0A411EEC282C00627989 /* Info.plist */,
				90BB0A301EEC282C00627989 /* Supporting Files */,
			);
			path = EPlayer;
			sourceTree = "<group>";
		};
		90BB0A301EEC282C00627989 /* Supporting Files */ = {
			isa = PBXGroup;
			children = (
				90BB0A311EEC282C00627989 /* main.m */,
			);
			name = "Supporting Files";
			sourceTree = "<group>";
		};
		90BB0A491EEC299F00627989 /* EPlayerSDK */ = {
			isa = PBXGroup;
			children = (
				0201F6631EF265E900252692 /* EPlayerAPI.h */,
			);
			name = EPlayerSDK;
			sourceTree = "<group>";
		};
/* End PBXGroup section */

/* Begin PBXNativeTarget section */
		90BB0A2C1EEC282C00627989 /* EPlayer */ = {
			isa = PBXNativeTarget;
			buildConfigurationList = 90BB0A441EEC282C00627989 /* Build configuration list for PBXNativeTarget "EPlayer" */;
			buildPhases = (
				90BB0A291EEC282C00627989 /* Sources */,
				90BB0A2A1EEC282C00627989 /* Frameworks */,
				90BB0A2B1EEC282C00627989 /* Resources */,
			);
			buildRules = (
			);
			dependencies = (
			);
			name = EPlayer;
			productName = EPlayer;
			productReference = 90BB0A2D1EEC282C00627989 /* EPlayer.app */;
			productType = "com.apple.product-type.application";
		};
/* End PBXNativeTarget section */

/* Begin PBXProject section */
		90BB0A251EEC282C00627989 /* Project object */ = {
			isa = PBXProject;
			attributes = {
				LastUpgradeCheck = 0830;
				ORGANIZATIONNAME = EC;
				TargetAttributes = {
					90BB0A2C1EEC282C00627989 = {
						CreatedOnToolsVersion = 8.3.2;
						DevelopmentTeam = N8H8MVYSMF;
						ProvisioningStyle = Automatic;
					};
				};
			};
			buildConfigurationList = 90BB0A281EEC282C00627989 /* Build configuration list for PBXProject "EPlayer" */;
			compatibilityVersion = "Xcode 3.2";
			developmentRegion = English;
			hasScannedForEncodings = 0;
			knownRegions = (
				en,
				Base,
			);
			mainGroup = 90BB0A241EEC282C00627989;
			productRefGroup = 90BB0A2E1EEC282C00627989 /* Products */;
			projectDirPath = "";
			projectRoot = "";
			targets = (
				90BB0A2C1EEC282C00627989 /* EPlayer */,
			);
		};
/* End PBXProject section */

/* Begin PBXResourcesBuildPhase section */
		90BB0A2B1EEC282C00627989 /* Resources */ = {
			isa = PBXResourcesBuildPhase;
			buildActionMask = 2147483647;
			files = (
				903B247E1EF6594B00794632 /* btn_close_selected@2x.png in Resources */,
				903B247B1EF6594B00794632 /* btn_close_normal.png in Resources */,
				90BB0A401EEC282C00627989 /* LaunchScreen.storyboard in Resources */,
				903B247D1EF6594B00794632 /* btn_close_selected.png in Resources */,
				90BB0A3D1EEC282C00627989 /* Assets.xcassets in Resources */,
				90BB0A3B1EEC282C00627989 /* Main.storyboard in Resources */,
				903B247C1EF6594B00794632 /* btn_close_normal@2x.png in Resources */,
			);
			runOnlyForDeploymentPostprocessing = 0;
		};
/* End PBXResourcesBuildPhase section */

/* Begin PBXSourcesBuildPhase section */
		90BB0A291EEC282C00627989 /* Sources */ = {
			isa = PBXSourcesBuildPhase;
			buildActionMask = 2147483647;
			files = (
				90BB0A351EEC282C00627989 /* AppDelegate.m in Sources */,
				903B24841EF6594B00794632 /* WMMenuView.m in Sources */,
				903B248A1EF6594B00794632 /* YiRefreshHeader.m in Sources */,
				903B24871EF6594B00794632 /* WMPageController.m in Sources */,
				90BB0A7A1EEC3F5600627989 /* VideoInfoTableViewCell.m in Sources */,
				903B24801EF6594B00794632 /* JRToast.m in Sources */,
				903B24861EF6594B00794632 /* WMScrollView.m in Sources */,
				901F90131EEDB04800AF3FD6 /* AppRootNavigationViewController.m in Sources */,
				903B24851EF6594B00794632 /* WMProgressView.m in Sources */,
				903B24891EF6594B00794632 /* YiRefreshFooter.m in Sources */,
				90BB0A4D1EEC2C3D00627989 /* MainViewController.m in Sources */,
				90F8AD401EED046500AF594F /* VideoFilesTableViewController.m in Sources */,
				0201F6621EF2657200252692 /* PlayVideoViewController.m in Sources */,
				903B24811EF6594B00794632 /* MBProgressHUD.m in Sources */,
				90BB0A321EEC282C00627989 /* main.m in Sources */,
				903B247F1EF6594B00794632 /* DXAlertView.m in Sources */,
				903B24821EF6594B00794632 /* UINavigationBarEx.m in Sources */,
				903B24881EF6594B00794632 /* WMPanGestureRecognizer.m in Sources */,
				903B24831EF6594B00794632 /* WMMenuItem.m in Sources */,
			);
			runOnlyForDeploymentPostprocessing = 0;
		};
/* End PBXSourcesBuildPhase section */

/* Begin PBXVariantGroup section */
		90BB0A391EEC282C00627989 /* Main.storyboard */ = {
			isa = PBXVariantGroup;
			children = (
				90BB0A3A1EEC282C00627989 /* Base */,
			);
			name = Main.storyboard;
			sourceTree = "<group>";
		};
		90BB0A3E1EEC282C00627989 /* LaunchScreen.storyboard */ = {
			isa = PBXVariantGroup;
			children = (
				90BB0A3F1EEC282C00627989 /* Base */,
			);
			name = LaunchScreen.storyboard;
			sourceTree = "<group>";
		};
/* End PBXVariantGroup section */

/* Begin XCBuildConfiguration section */
		90BB0A421EEC282C00627989 /* Debug */ = {
			isa = XCBuildConfiguration;
			buildSettings = {
				ALWAYS_SEARCH_USER_PATHS = NO;
				CLANG_ANALYZER_NONNULL = YES;
				CLANG_ANALYZER_NUMBER_OBJECT_CONVERSION = YES_AGGRESSIVE;
				CLANG_CXX_LANGUAGE_STANDARD = "gnu++0x";
				CLANG_CXX_LIBRARY = "libc++";
				CLANG_ENABLE_MODULES = YES;
				CLANG_ENABLE_OBJC_ARC = YES;
				CLANG_WARN_BOOL_CONVERSION = YES;
				CLANG_WARN_CONSTANT_CONVERSION = YES;
				CLANG_WARN_DIRECT_OBJC_ISA_USAGE = YES_ERROR;
				CLANG_WARN_DOCUMENTATION_COMMENTS = YES;
				CLANG_WARN_EMPTY_BODY = YES;
				CLANG_WARN_ENUM_CONVERSION = YES;
				CLANG_WARN_INFINITE_RECURSION = YES;
				CLANG_WARN_INT_CONVERSION = YES;
				CLANG_WARN_OBJC_ROOT_CLASS = YES_ERROR;
				CLANG_WARN_SUSPICIOUS_MOVE = YES;
				CLANG_WARN_UNREACHABLE_CODE = YES;
				CLANG_WARN__DUPLICATE_METHOD_MATCH = YES;
				"CODE_SIGN_IDENTITY[sdk=iphoneos*]" = "iPhone Developer";
				COPY_PHASE_STRIP = NO;
				DEBUG_INFORMATION_FORMAT = dwarf;
				ENABLE_STRICT_OBJC_MSGSEND = YES;
				ENABLE_TESTABILITY = YES;
				GCC_C_LANGUAGE_STANDARD = gnu99;
				GCC_DYNAMIC_NO_PIC = NO;
				GCC_NO_COMMON_BLOCKS = YES;
				GCC_OPTIMIZATION_LEVEL = 0;
				GCC_PREPROCESSOR_DEFINITIONS = (
					"DEBUG=1",
					"$(inherited)",
				);
				GCC_WARN_64_TO_32_BIT_CONVERSION = YES;
				GCC_WARN_ABOUT_RETURN_TYPE = YES_ERROR;
				GCC_WARN_UNDECLARED_SELECTOR = YES;
				GCC_WARN_UNINITIALIZED_AUTOS = YES_AGGRESSIVE;
				GCC_WARN_UNUSED_FUNCTION = YES;
				GCC_WARN_UNUSED_VARIABLE = YES;
				HEADER_SEARCH_PATHS = "$(PROJECT_DIR)/../sdk";
				IPHONEOS_DEPLOYMENT_TARGET = 10.0;
				LIBRARY_SEARCH_PATHS = "$(PROJECT_DIR)/../sdk";
				MTL_ENABLE_DEBUG_INFO = YES;
				ONLY_ACTIVE_ARCH = YES;
				SDKROOT = iphoneos;
				TARGETED_DEVICE_FAMILY = "1,2";
			};
			name = Debug;
		};
		90BB0A431EEC282C00627989 /* Release */ = {
			isa = XCBuildConfiguration;
			buildSettings = {
				ALWAYS_SEARCH_USER_PATHS = NO;
				CLANG_ANALYZER_NONNULL = YES;
				CLANG_ANALYZER_NUMBER_OBJECT_CONVERSION = YES_AGGRESSIVE;
				CLANG_CXX_LANGUAGE_STANDARD = "gnu++0x";
				CLANG_CXX_LIBRARY = "libc++";
				CLANG_ENABLE_MODULES = YES;
				CLANG_ENABLE_OBJC_ARC = YES;
				CLANG_WARN_BOOL_CONVERSION = YES;
				CLANG_WARN_CONSTANT_CONVERSION = YES;
				CLANG_WARN_DIRECT_OBJC_ISA_USAGE = YES_ERROR;
				CLANG_WARN_DOCUMENTATION_COMMENTS = YES;
				CLANG_WARN_EMPTY_BODY = YES;
				CLANG_WARN_ENUM_CONVERSION = YES;
				CLANG_WARN_INFINITE_RECURSION = YES;
				CLANG_WARN_INT_CONVERSION = YES;
				CLANG_WARN_OBJC_ROOT_CLASS = YES_ERROR;
				CLANG_WARN_SUSPICIOUS_MOVE = YES;
				CLANG_WARN_UNREACHABLE_CODE = YES;
				CLANG_WARN__DUPLICATE_METHOD_MATCH = YES;
				"CODE_SIGN_IDENTITY[sdk=iphoneos*]" = "iPhone Developer";
				COPY_PHASE_STRIP = NO;
				DEBUG_INFORMATION_FORMAT = "dwarf-with-dsym";
				ENABLE_NS_ASSERTIONS = NO;
				ENABLE_STRICT_OBJC_MSGSEND = YES;
				GCC_C_LANGUAGE_STANDARD = gnu99;
				GCC_NO_COMMON_BLOCKS = YES;
				GCC_WARN_64_TO_32_BIT_CONVERSION = YES;
				GCC_WARN_ABOUT_RETURN_TYPE = YES_ERROR;
				GCC_WARN_UNDECLARED_SELECTOR = YES;
				GCC_WARN_UNINITIALIZED_AUTOS = YES_AGGRESSIVE;
				GCC_WARN_UNUSED_FUNCTION = YES;
				GCC_WARN_UNUSED_VARIABLE = YES;
				HEADER_SEARCH_PATHS = "$(PROJECT_DIR)/../sdk";
				IPHONEOS_DEPLOYMENT_TARGET = 10.0;
				LIBRARY_SEARCH_PATHS = "$(PROJECT_DIR)/../sdk";
				MTL_ENABLE_DEBUG_INFO = NO;
				SDKROOT = iphoneos;
				TARGETED_DEVICE_FAMILY = "1,2";
				VALIDATE_PRODUCT = YES;
			};
			name = Release;
		};
		90BB0A451EEC282C00627989 /* Debug */ = {
			isa = XCBuildConfiguration;
			buildSettings = {
				ASSETCATALOG_COMPILER_APPICON_NAME = AppIcon;
				DEVELOPMENT_TEAM = N8H8MVYSMF;
				GCC_INPUT_FILETYPE = sourcecode.cpp.objcpp;
				INFOPLIST_FILE = EPlayer/Info.plist;
				LD_RUNPATH_SEARCH_PATHS = "$(inherited) @executable_path/Frameworks";
				PRODUCT_BUNDLE_IDENTIFIER = www.eplayer.me.EPlayer;
				PRODUCT_NAME = "$(TARGET_NAME)";
				TARGETED_DEVICE_FAMILY = "1,2";
			};
			name = Debug;
		};
		90BB0A461EEC282C00627989 /* Release */ = {
			isa = XCBuildConfiguration;
			buildSettings = {
				ASSETCATALOG_COMPILER_APPICON_NAME = AppIcon;
				DEVELOPMENT_TEAM = N8H8MVYSMF;
				GCC_INPUT_FILETYPE = sourcecode.cpp.objcpp;
				INFOPLIST_FILE = EPlayer/Info.plist;
				LD_RUNPATH_SEARCH_PATHS = "$(inherited) @executable_path/Frameworks";
				PRODUCT_BUNDLE_IDENTIFIER = www.eplayer.me.EPlayer;
				PRODUCT_NAME = "$(TARGET_NAME)";
				TARGETED_DEVICE_FAMILY = "1,2";
			};
			name = Release;
		};
/* End XCBuildConfiguration section */

/* Begin XCConfigurationList section */
		90BB0A281EEC282C00627989 /* Build configuration list for PBXProject "EPlayer" */ = {
			isa = XCConfigurationList;
			buildConfigurations = (
				90BB0A421EEC282C00627989 /* Debug */,
				90BB0A431EEC282C00627989 /* Release */,
			);
			defaultConfigurationIsVisible = 0;
			defaultConfigurationName = Release;
		};
		90BB0A441EEC282C00627989 /* Build configuration list for PBXNativeTarget "EPlayer" */ = {
			isa = XCConfigurationList;
			buildConfigurations = (
				90BB0A451EEC282C00627989 /* Debug */,
				90BB0A461EEC282C00627989 /* Release */,
			);
			defaultConfigurationIsVisible = 0;
			defaultConfigurationName = Release;
		};
/* End XCConfigurationList section */
	};
	rootObject = 90BB0A251EEC282C00627989 /* Project object */;
}
