// !$*UTF8*$!
{
	archiveVersion = 1;
	classes = {
	};
	objectVersion = 46;
	objects = {

/* Begin PBXBuildFile section */
		021161C51EE6B1AD0090FA94 /* iOS_VideoDevice.mm in Sources */ = {isa = PBXBuildFile; fileRef = 021161C41EE6B1AD0090FA94 /* iOS_VideoDevice.mm */; };
		021161CB1EE6B6510090FA94 /* VideoWindow.mm in Sources */ = {isa = PBXBuildFile; fileRef = 021161CA1EE6B6510090FA94 /* VideoWindow.mm */; };
		021161CE1EE6C6FF0090FA94 /* iOS_AudioDevice.cpp in Sources */ = {isa = PBXBuildFile; fileRef = 021161CC1EE6C6FF0090FA94 /* iOS_AudioDevice.cpp */; };
		02B383971EE6CCBD00B5DAF4 /* UIKit.framework in Frameworks */ = {isa = PBXBuildFile; fileRef = 02B383961EE6CCBD00B5DAF4 /* UIKit.framework */; };
		02B383A21EE6CCF100B5DAF4 /* libavcodec.a in Frameworks */ = {isa = PBXBuildFile; fileRef = 02B3839C1EE6CCF100B5DAF4 /* libavcodec.a */; };
		02B383A31EE6CCF100B5DAF4 /* libavfilter.a in Frameworks */ = {isa = PBXBuildFile; fileRef = 02B3839D1EE6CCF100B5DAF4 /* libavfilter.a */; };
		02B383A41EE6CCF100B5DAF4 /* libavformat.a in Frameworks */ = {isa = PBXBuildFile; fileRef = 02B3839E1EE6CCF100B5DAF4 /* libavformat.a */; };
		02B383A51EE6CCF100B5DAF4 /* libavutil.a in Frameworks */ = {isa = PBXBuildFile; fileRef = 02B3839F1EE6CCF100B5DAF4 /* libavutil.a */; };
		02B383A61EE6CCF100B5DAF4 /* libswresample.a in Frameworks */ = {isa = PBXBuildFile; fileRef = 02B383A01EE6CCF100B5DAF4 /* libswresample.a */; };
		02B383A71EE6CCF100B5DAF4 /* libswscale.a in Frameworks */ = {isa = PBXBuildFile; fileRef = 02B383A11EE6CCF100B5DAF4 /* libswscale.a */; };
		02B383AB1EE6D1BF00B5DAF4 /* libz.tbd in Frameworks */ = {isa = PBXBuildFile; fileRef = 02B383AA1EE6D1BF00B5DAF4 /* libz.tbd */; };
		02B383B11EE6D22900B5DAF4 /* QuartzCore.framework in Frameworks */ = {isa = PBXBuildFile; fileRef = 02B383B01EE6D22900B5DAF4 /* QuartzCore.framework */; };
		02B383B21EE6D28500B5DAF4 /* AudioToolbox.framework in Frameworks */ = {isa = PBXBuildFile; fileRef = 02B3839A1EE6CCCF00B5DAF4 /* AudioToolbox.framework */; };
		02B383B31EE6D29900B5DAF4 /* OpenGLES.framework in Frameworks */ = {isa = PBXBuildFile; fileRef = 02B383A81EE6CD6200B5DAF4 /* OpenGLES.framework */; };
		02B383B41EE6D2AE00B5DAF4 /* libbz2.tbd in Frameworks */ = {isa = PBXBuildFile; fileRef = 02B383AC1EE6D1C700B5DAF4 /* libbz2.tbd */; };
		90F9B78F1EE59B9900C2B5F4 /* main.m in Sources */ = {isa = PBXBuildFile; fileRef = 90F9B78E1EE59B9900C2B5F4 /* main.m */; };
		90F9B7921EE59B9900C2B5F4 /* AppDelegate.m in Sources */ = {isa = PBXBuildFile; fileRef = 90F9B7911EE59B9900C2B5F4 /* AppDelegate.m */; };
		90F9B7951EE59B9900C2B5F4 /* ViewController.m in Sources */ = {isa = PBXBuildFile; fileRef = 90F9B7941EE59B9900C2B5F4 /* ViewController.m */; };
		90F9B7981EE59B9900C2B5F4 /* Main.storyboard in Resources */ = {isa = PBXBuildFile; fileRef = 90F9B7961EE59B9900C2B5F4 /* Main.storyboard */; };
		90F9B79A1EE59B9900C2B5F4 /* Assets.xcassets in Resources */ = {isa = PBXBuildFile; fileRef = 90F9B7991EE59B9900C2B5F4 /* Assets.xcassets */; };
		90F9B79D1EE59B9900C2B5F4 /* LaunchScreen.storyboard in Resources */ = {isa = PBXBuildFile; fileRef = 90F9B79B1EE59B9900C2B5F4 /* LaunchScreen.storyboard */; };
		90F9B81B1EE59C0B00C2B5F4 /* ECAutoLock.cpp in Sources */ = {isa = PBXBuildFile; fileRef = 90F9B7A61EE59C0B00C2B5F4 /* ECAutoLock.cpp */; };
		90F9B81C1EE59C0B00C2B5F4 /* ECBufferStream.cpp in Sources */ = {isa = PBXBuildFile; fileRef = 90F9B7A81EE59C0B00C2B5F4 /* ECBufferStream.cpp */; };
		90F9B81D1EE59C0B00C2B5F4 /* ECMemOP.cpp in Sources */ = {isa = PBXBuildFile; fileRef = 90F9B7AC1EE59C0B00C2B5F4 /* ECMemOP.cpp */; };
		90F9B81E1EE59C0B00C2B5F4 /* ECMutex.cpp in Sources */ = {isa = PBXBuildFile; fileRef = 90F9B7AE1EE59C0B00C2B5F4 /* ECMutex.cpp */; };
		90F9B81F1EE59C0B00C2B5F4 /* ECSignal.cpp in Sources */ = {isa = PBXBuildFile; fileRef = 90F9B7B31EE59C0B00C2B5F4 /* ECSignal.cpp */; };
		90F9B8201EE59C0B00C2B5F4 /* ECString.cpp in Sources */ = {isa = PBXBuildFile; fileRef = 90F9B7B51EE59C0B00C2B5F4 /* ECString.cpp */; };
		90F9B8211EE59C0B00C2B5F4 /* ECStringOP.cpp in Sources */ = {isa = PBXBuildFile; fileRef = 90F9B7B71EE59C0B00C2B5F4 /* ECStringOP.cpp */; };
		90F9B8221EE59C0B00C2B5F4 /* ECThreadDriver.cpp in Sources */ = {isa = PBXBuildFile; fileRef = 90F9B7B91EE59C0B00C2B5F4 /* ECThreadDriver.cpp */; };
		90F9B8231EE59C0B00C2B5F4 /* ECThreadWorker.cpp in Sources */ = {isa = PBXBuildFile; fileRef = 90F9B7BB1EE59C0B00C2B5F4 /* ECThreadWorker.cpp */; };
		90F9B8241EE59C0B00C2B5F4 /* ECUtil.cpp in Sources */ = {isa = PBXBuildFile; fileRef = 90F9B7BE1EE59C0B00C2B5F4 /* ECUtil.cpp */; };
		90F9B8251EE59C0B00C2B5F4 /* MediaClock.cpp in Sources */ = {isa = PBXBuildFile; fileRef = 90F9B7C11EE59C0B00C2B5F4 /* MediaClock.cpp */; };
		90F9B8261EE59C0B00C2B5F4 /* AudioDecoder.cpp in Sources */ = {isa = PBXBuildFile; fileRef = 90F9B7C51EE59C0B00C2B5F4 /* AudioDecoder.cpp */; };
		90F9B8271EE59C0B00C2B5F4 /* AudioDecPort.cpp in Sources */ = {isa = PBXBuildFile; fileRef = 90F9B7C71EE59C0B00C2B5F4 /* AudioDecPort.cpp */; };
		90F9B8281EE59C0B00C2B5F4 /* FFmpegAudioDecoder.cpp in Sources */ = {isa = PBXBuildFile; fileRef = 90F9B7C91EE59C0B00C2B5F4 /* FFmpegAudioDecoder.cpp */; };
		90F9B8291EE59C0B00C2B5F4 /* FFmpegVideoDecoder.cpp in Sources */ = {isa = PBXBuildFile; fileRef = 90F9B7CC1EE59C0B00C2B5F4 /* FFmpegVideoDecoder.cpp */; };
		90F9B82A1EE59C0B00C2B5F4 /* VideoDecoder.cpp in Sources */ = {isa = PBXBuildFile; fileRef = 90F9B7CE1EE59C0B00C2B5F4 /* VideoDecoder.cpp */; };
		90F9B82B1EE59C0B00C2B5F4 /* VideoDecPort.cpp in Sources */ = {isa = PBXBuildFile; fileRef = 90F9B7D01EE59C0B00C2B5F4 /* VideoDecPort.cpp */; };
		90F9B82F1EE59C0B00C2B5F4 /* EPlayerAPI_IMP.mm in Sources */ = {isa = PBXBuildFile; fileRef = 90F9B7DC1EE59C0B00C2B5F4 /* EPlayerAPI_IMP.mm */; };
		90F9B8301EE59C0B00C2B5F4 /* MediaCtrl.cpp in Sources */ = {isa = PBXBuildFile; fileRef = 90F9B7DE1EE59C0B00C2B5F4 /* MediaCtrl.cpp */; };
		90F9B8311EE59C0B00C2B5F4 /* MessageHub.cpp in Sources */ = {isa = PBXBuildFile; fileRef = 90F9B7E01EE59C0B00C2B5F4 /* MessageHub.cpp */; };
		90F9B8321EE59C0B00C2B5F4 /* Player.cpp in Sources */ = {isa = PBXBuildFile; fileRef = 90F9B7E31EE59C0B00C2B5F4 /* Player.cpp */; };
		90F9B8391EE59C0B00C2B5F4 /* AudioRender.cpp in Sources */ = {isa = PBXBuildFile; fileRef = 90F9B7F91EE59C0B00C2B5F4 /* AudioRender.cpp */; };
		90F9B8401EE59C0B00C2B5F4 /* VideoRender.cpp in Sources */ = {isa = PBXBuildFile; fileRef = 90F9B80E1EE59C0B00C2B5F4 /* VideoRender.cpp */; };
		90F9B8411EE59C0B00C2B5F4 /* FFmpegReader.cpp in Sources */ = {isa = PBXBuildFile; fileRef = 90F9B8111EE59C0B00C2B5F4 /* FFmpegReader.cpp */; };
		90F9B8421EE59C0B00C2B5F4 /* MediaSource.cpp in Sources */ = {isa = PBXBuildFile; fileRef = 90F9B8131EE59C0B00C2B5F4 /* MediaSource.cpp */; };
		90F9B8431EE59C0B00C2B5F4 /* PacketManager.cpp in Sources */ = {isa = PBXBuildFile; fileRef = 90F9B8151EE59C0B00C2B5F4 /* PacketManager.cpp */; };
		90F9B8441EE59C0B00C2B5F4 /* SourceAudioPort.cpp in Sources */ = {isa = PBXBuildFile; fileRef = 90F9B8171EE59C0B00C2B5F4 /* SourceAudioPort.cpp */; };
		90F9B8451EE59C0B00C2B5F4 /* SourceVideoPort.cpp in Sources */ = {isa = PBXBuildFile; fileRef = 90F9B8191EE59C0B00C2B5F4 /* SourceVideoPort.cpp */; };
/* End PBXBuildFile section */

/* Begin PBXFileReference section */
		021161C31EE6B1AD0090FA94 /* iOS_VideoDevice.h */ = {isa = PBXFileReference; fileEncoding = 4; lastKnownFileType = sourcecode.c.h; name = iOS_VideoDevice.h; path = VideoDevice/ios/iOS_VideoDevice.h; sourceTree = "<group>"; };
		021161C41EE6B1AD0090FA94 /* iOS_VideoDevice.mm */ = {isa = PBXFileReference; fileEncoding = 4; lastKnownFileType = sourcecode.cpp.objcpp; name = iOS_VideoDevice.mm; path = VideoDevice/ios/iOS_VideoDevice.mm; sourceTree = "<group>"; };
		021161C91EE6B6510090FA94 /* VideoWindow.h */ = {isa = PBXFileReference; fileEncoding = 4; lastKnownFileType = sourcecode.c.h; name = VideoWindow.h; path = VideoDevice/ios/VideoWindow.h; sourceTree = "<group>"; };
		021161CA1EE6B6510090FA94 /* VideoWindow.mm */ = {isa = PBXFileReference; fileEncoding = 4; lastKnownFileType = sourcecode.cpp.objcpp; name = VideoWindow.mm; path = VideoDevice/ios/VideoWindow.mm; sourceTree = "<group>"; };
		021161CC1EE6C6FF0090FA94 /* iOS_AudioDevice.cpp */ = {isa = PBXFileReference; fileEncoding = 4; lastKnownFileType = sourcecode.cpp.cpp; name = iOS_AudioDevice.cpp; path = AudioDevice/ios/iOS_AudioDevice.cpp; sourceTree = "<group>"; };
		021161CD1EE6C6FF0090FA94 /* iOS_AudioDevice.h */ = {isa = PBXFileReference; fileEncoding = 4; lastKnownFileType = sourcecode.c.h; name = iOS_AudioDevice.h; path = AudioDevice/ios/iOS_AudioDevice.h; sourceTree = "<group>"; };
		02B383961EE6CCBD00B5DAF4 /* UIKit.framework */ = {isa = PBXFileReference; lastKnownFileType = wrapper.framework; name = UIKit.framework; path = System/Library/Frameworks/UIKit.framework; sourceTree = SDKROOT; };
		02B383981EE6CCC300B5DAF4 /* CoreAudio.framework */ = {isa = PBXFileReference; lastKnownFileType = wrapper.framework; name = CoreAudio.framework; path = System/Library/Frameworks/CoreAudio.framework; sourceTree = SDKROOT; };
		02B3839A1EE6CCCF00B5DAF4 /* AudioToolbox.framework */ = {isa = PBXFileReference; lastKnownFileType = wrapper.framework; name = AudioToolbox.framework; path = System/Library/Frameworks/AudioToolbox.framework; sourceTree = SDKROOT; };
		02B3839C1EE6CCF100B5DAF4 /* libavcodec.a */ = {isa = PBXFileReference; lastKnownFileType = archive.ar; name = libavcodec.a; path = ../../../thirdparty/ffmpeg/export/bin/ios/libavcodec.a; sourceTree = "<group>"; };
		02B3839D1EE6CCF100B5DAF4 /* libavfilter.a */ = {isa = PBXFileReference; lastKnownFileType = archive.ar; name = libavfilter.a; path = ../../../thirdparty/ffmpeg/export/bin/ios/libavfilter.a; sourceTree = "<group>"; };
		02B3839E1EE6CCF100B5DAF4 /* libavformat.a */ = {isa = PBXFileReference; lastKnownFileType = archive.ar; name = libavformat.a; path = ../../../thirdparty/ffmpeg/export/bin/ios/libavformat.a; sourceTree = "<group>"; };
		02B3839F1EE6CCF100B5DAF4 /* libavutil.a */ = {isa = PBXFileReference; lastKnownFileType = archive.ar; name = libavutil.a; path = ../../../thirdparty/ffmpeg/export/bin/ios/libavutil.a; sourceTree = "<group>"; };
		02B383A01EE6CCF100B5DAF4 /* libswresample.a */ = {isa = PBXFileReference; lastKnownFileType = archive.ar; name = libswresample.a; path = ../../../thirdparty/ffmpeg/export/bin/ios/libswresample.a; sourceTree = "<group>"; };
		02B383A11EE6CCF100B5DAF4 /* libswscale.a */ = {isa = PBXFileReference; lastKnownFileType = archive.ar; name = libswscale.a; path = ../../../thirdparty/ffmpeg/export/bin/ios/libswscale.a; sourceTree = "<group>"; };
		02B383A81EE6CD6200B5DAF4 /* OpenGLES.framework */ = {isa = PBXFileReference; lastKnownFileType = wrapper.framework; name = OpenGLES.framework; path = System/Library/Frameworks/OpenGLES.framework; sourceTree = SDKROOT; };
		02B383AA1EE6D1BF00B5DAF4 /* libz.tbd */ = {isa = PBXFileReference; lastKnownFileType = "sourcecode.text-based-dylib-definition"; name = libz.tbd; path = usr/lib/libz.tbd; sourceTree = SDKROOT; };
		02B383AC1EE6D1C700B5DAF4 /* libbz2.tbd */ = {isa = PBXFileReference; lastKnownFileType = "sourcecode.text-based-dylib-definition"; name = libbz2.tbd; path = usr/lib/libbz2.tbd; sourceTree = SDKROOT; };
		02B383AE1EE6D21300B5DAF4 /* CoreGraphics.framework */ = {isa = PBXFileReference; lastKnownFileType = wrapper.framework; name = CoreGraphics.framework; path = System/Library/Frameworks/CoreGraphics.framework; sourceTree = SDKROOT; };
		02B383B01EE6D22900B5DAF4 /* QuartzCore.framework */ = {isa = PBXFileReference; lastKnownFileType = wrapper.framework; name = QuartzCore.framework; path = System/Library/Frameworks/QuartzCore.framework; sourceTree = SDKROOT; };
		90F9B78A1EE59B9900C2B5F4 /* iosPlayer.app */ = {isa = PBXFileReference; explicitFileType = wrapper.application; includeInIndex = 0; path = iosPlayer.app; sourceTree = BUILT_PRODUCTS_DIR; };
		90F9B78E1EE59B9900C2B5F4 /* main.m */ = {isa = PBXFileReference; lastKnownFileType = sourcecode.c.objc; path = main.m; sourceTree = "<group>"; };
		90F9B7901EE59B9900C2B5F4 /* AppDelegate.h */ = {isa = PBXFileReference; lastKnownFileType = sourcecode.c.h; path = AppDelegate.h; sourceTree = "<group>"; };
		90F9B7911EE59B9900C2B5F4 /* AppDelegate.m */ = {isa = PBXFileReference; lastKnownFileType = sourcecode.c.objc; path = AppDelegate.m; sourceTree = "<group>"; };
		90F9B7931EE59B9900C2B5F4 /* ViewController.h */ = {isa = PBXFileReference; lastKnownFileType = sourcecode.c.h; path = ViewController.h; sourceTree = "<group>"; };
		90F9B7941EE59B9900C2B5F4 /* ViewController.m */ = {isa = PBXFileReference; lastKnownFileType = sourcecode.c.objc; path = ViewController.m; sourceTree = "<group>"; };
		90F9B7971EE59B9900C2B5F4 /* Base */ = {isa = PBXFileReference; lastKnownFileType = file.storyboard; name = Base; path = Base.lproj/Main.storyboard; sourceTree = "<group>"; };
		90F9B7991EE59B9900C2B5F4 /* Assets.xcassets */ = {isa = PBXFileReference; lastKnownFileType = folder.assetcatalog; path = Assets.xcassets; sourceTree = "<group>"; };
		90F9B79C1EE59B9900C2B5F4 /* Base */ = {isa = PBXFileReference; lastKnownFileType = file.storyboard; name = Base; path = Base.lproj/LaunchScreen.storyboard; sourceTree = "<group>"; };
		90F9B79E1EE59B9900C2B5F4 /* Info.plist */ = {isa = PBXFileReference; lastKnownFileType = text.plist.xml; path = Info.plist; sourceTree = "<group>"; };
		90F9B7A61EE59C0B00C2B5F4 /* ECAutoLock.cpp */ = {isa = PBXFileReference; fileEncoding = 4; lastKnownFileType = sourcecode.cpp.cpp; path = ECAutoLock.cpp; sourceTree = "<group>"; };
		90F9B7A71EE59C0B00C2B5F4 /* ECAutoLock.h */ = {isa = PBXFileReference; fileEncoding = 4; lastKnownFileType = sourcecode.c.h; path = ECAutoLock.h; sourceTree = "<group>"; };
		90F9B7A81EE59C0B00C2B5F4 /* ECBufferStream.cpp */ = {isa = PBXFileReference; fileEncoding = 4; lastKnownFileType = sourcecode.cpp.cpp; path = ECBufferStream.cpp; sourceTree = "<group>"; };
		90F9B7A91EE59C0B00C2B5F4 /* ECBufferStream.h */ = {isa = PBXFileReference; fileEncoding = 4; lastKnownFileType = sourcecode.c.h; path = ECBufferStream.h; sourceTree = "<group>"; };
		90F9B7AA1EE59C0B00C2B5F4 /* ECError.h */ = {isa = PBXFileReference; fileEncoding = 4; lastKnownFileType = sourcecode.c.h; path = ECError.h; sourceTree = "<group>"; };
		90F9B7AB1EE59C0B00C2B5F4 /* ECLog.h */ = {isa = PBXFileReference; fileEncoding = 4; lastKnownFileType = sourcecode.c.h; path = ECLog.h; sourceTree = "<group>"; };
		90F9B7AC1EE59C0B00C2B5F4 /* ECMemOP.cpp */ = {isa = PBXFileReference; fileEncoding = 4; lastKnownFileType = sourcecode.cpp.cpp; path = ECMemOP.cpp; sourceTree = "<group>"; };
		90F9B7AD1EE59C0B00C2B5F4 /* ECMemOP.h */ = {isa = PBXFileReference; fileEncoding = 4; lastKnownFileType = sourcecode.c.h; path = ECMemOP.h; sourceTree = "<group>"; };
		90F9B7AE1EE59C0B00C2B5F4 /* ECMutex.cpp */ = {isa = PBXFileReference; fileEncoding = 4; lastKnownFileType = sourcecode.cpp.cpp; path = ECMutex.cpp; sourceTree = "<group>"; };
		90F9B7AF1EE59C0B00C2B5F4 /* ECMutex.h */ = {isa = PBXFileReference; fileEncoding = 4; lastKnownFileType = sourcecode.c.h; path = ECMutex.h; sourceTree = "<group>"; };
		90F9B7B01EE59C0B00C2B5F4 /* ECNode.h */ = {isa = PBXFileReference; fileEncoding = 4; lastKnownFileType = sourcecode.c.h; path = ECNode.h; sourceTree = "<group>"; };
		90F9B7B11EE59C0B00C2B5F4 /* ECOSDef.h */ = {isa = PBXFileReference; fileEncoding = 4; lastKnownFileType = sourcecode.c.h; path = ECOSDef.h; sourceTree = "<group>"; };
		90F9B7B21EE59C0B00C2B5F4 /* ECRingQueue.h */ = {isa = PBXFileReference; fileEncoding = 4; lastKnownFileType = sourcecode.c.h; path = ECRingQueue.h; sourceTree = "<group>"; };
		90F9B7B31EE59C0B00C2B5F4 /* ECSignal.cpp */ = {isa = PBXFileReference; fileEncoding = 4; lastKnownFileType = sourcecode.cpp.cpp; path = ECSignal.cpp; sourceTree = "<group>"; };
		90F9B7B41EE59C0B00C2B5F4 /* ECSignal.h */ = {isa = PBXFileReference; fileEncoding = 4; lastKnownFileType = sourcecode.c.h; path = ECSignal.h; sourceTree = "<group>"; };
		90F9B7B51EE59C0B00C2B5F4 /* ECString.cpp */ = {isa = PBXFileReference; fileEncoding = 4; lastKnownFileType = sourcecode.cpp.cpp; path = ECString.cpp; sourceTree = "<group>"; };
		90F9B7B61EE59C0B00C2B5F4 /* ECString.h */ = {isa = PBXFileReference; fileEncoding = 4; lastKnownFileType = sourcecode.c.h; path = ECString.h; sourceTree = "<group>"; };
		90F9B7B71EE59C0B00C2B5F4 /* ECStringOP.cpp */ = {isa = PBXFileReference; fileEncoding = 4; lastKnownFileType = sourcecode.cpp.cpp; path = ECStringOP.cpp; sourceTree = "<group>"; };
		90F9B7B81EE59C0B00C2B5F4 /* ECStringOP.h */ = {isa = PBXFileReference; fileEncoding = 4; lastKnownFileType = sourcecode.c.h; path = ECStringOP.h; sourceTree = "<group>"; };
		90F9B7B91EE59C0B00C2B5F4 /* ECThreadDriver.cpp */ = {isa = PBXFileReference; fileEncoding = 4; lastKnownFileType = sourcecode.cpp.cpp; path = ECThreadDriver.cpp; sourceTree = "<group>"; };
		90F9B7BA1EE59C0B00C2B5F4 /* ECThreadDriver.h */ = {isa = PBXFileReference; fileEncoding = 4; lastKnownFileType = sourcecode.c.h; path = ECThreadDriver.h; sourceTree = "<group>"; };
		90F9B7BB1EE59C0B00C2B5F4 /* ECThreadWorker.cpp */ = {isa = PBXFileReference; fileEncoding = 4; lastKnownFileType = sourcecode.cpp.cpp; path = ECThreadWorker.cpp; sourceTree = "<group>"; };
		90F9B7BC1EE59C0B00C2B5F4 /* ECThreadWorker.h */ = {isa = PBXFileReference; fileEncoding = 4; lastKnownFileType = sourcecode.c.h; path = ECThreadWorker.h; sourceTree = "<group>"; };
		90F9B7BD1EE59C0B00C2B5F4 /* ECType.h */ = {isa = PBXFileReference; fileEncoding = 4; lastKnownFileType = sourcecode.c.h; path = ECType.h; sourceTree = "<group>"; };
		90F9B7BE1EE59C0B00C2B5F4 /* ECUtil.cpp */ = {isa = PBXFileReference; fileEncoding = 4; lastKnownFileType = sourcecode.cpp.cpp; path = ECUtil.cpp; sourceTree = "<group>"; };
		90F9B7BF1EE59C0B00C2B5F4 /* ECUtil.h */ = {isa = PBXFileReference; fileEncoding = 4; lastKnownFileType = sourcecode.c.h; path = ECUtil.h; sourceTree = "<group>"; };
		90F9B7C11EE59C0B00C2B5F4 /* MediaClock.cpp */ = {isa = PBXFileReference; fileEncoding = 4; lastKnownFileType = sourcecode.cpp.cpp; path = MediaClock.cpp; sourceTree = "<group>"; };
		90F9B7C21EE59C0B00C2B5F4 /* MediaClock.h */ = {isa = PBXFileReference; fileEncoding = 4; lastKnownFileType = sourcecode.c.h; path = MediaClock.h; sourceTree = "<group>"; };
		90F9B7C51EE59C0B00C2B5F4 /* AudioDecoder.cpp */ = {isa = PBXFileReference; fileEncoding = 4; lastKnownFileType = sourcecode.cpp.cpp; path = AudioDecoder.cpp; sourceTree = "<group>"; };
		90F9B7C61EE59C0B00C2B5F4 /* AudioDecoder.h */ = {isa = PBXFileReference; fileEncoding = 4; lastKnownFileType = sourcecode.c.h; path = AudioDecoder.h; sourceTree = "<group>"; };
		90F9B7C71EE59C0B00C2B5F4 /* AudioDecPort.cpp */ = {isa = PBXFileReference; fileEncoding = 4; lastKnownFileType = sourcecode.cpp.cpp; path = AudioDecPort.cpp; sourceTree = "<group>"; };
		90F9B7C81EE59C0B00C2B5F4 /* AudioDecPort.h */ = {isa = PBXFileReference; fileEncoding = 4; lastKnownFileType = sourcecode.c.h; path = AudioDecPort.h; sourceTree = "<group>"; };
		90F9B7C91EE59C0B00C2B5F4 /* FFmpegAudioDecoder.cpp */ = {isa = PBXFileReference; fileEncoding = 4; lastKnownFileType = sourcecode.cpp.cpp; path = FFmpegAudioDecoder.cpp; sourceTree = "<group>"; };
		90F9B7CA1EE59C0B00C2B5F4 /* FFmpegAudioDecoder.h */ = {isa = PBXFileReference; fileEncoding = 4; lastKnownFileType = sourcecode.c.h; path = FFmpegAudioDecoder.h; sourceTree = "<group>"; };
		90F9B7CC1EE59C0B00C2B5F4 /* FFmpegVideoDecoder.cpp */ = {isa = PBXFileReference; fileEncoding = 4; lastKnownFileType = sourcecode.cpp.cpp; path = FFmpegVideoDecoder.cpp; sourceTree = "<group>"; };
		90F9B7CD1EE59C0B00C2B5F4 /* FFmpegVideoDecoder.h */ = {isa = PBXFileReference; fileEncoding = 4; lastKnownFileType = sourcecode.c.h; path = FFmpegVideoDecoder.h; sourceTree = "<group>"; };
		90F9B7CE1EE59C0B00C2B5F4 /* VideoDecoder.cpp */ = {isa = PBXFileReference; fileEncoding = 4; lastKnownFileType = sourcecode.cpp.cpp; path = VideoDecoder.cpp; sourceTree = "<group>"; };
		90F9B7CF1EE59C0B00C2B5F4 /* VideoDecoder.h */ = {isa = PBXFileReference; fileEncoding = 4; lastKnownFileType = sourcecode.c.h; path = VideoDecoder.h; sourceTree = "<group>"; };
		90F9B7D01EE59C0B00C2B5F4 /* VideoDecPort.cpp */ = {isa = PBXFileReference; fileEncoding = 4; lastKnownFileType = sourcecode.cpp.cpp; path = VideoDecPort.cpp; sourceTree = "<group>"; };
		90F9B7D11EE59C0B00C2B5F4 /* VideoDecPort.h */ = {isa = PBXFileReference; fileEncoding = 4; lastKnownFileType = sourcecode.c.h; path = VideoDecPort.h; sourceTree = "<group>"; };
		90F9B7DB1EE59C0B00C2B5F4 /* EPlayerAPI.h */ = {isa = PBXFileReference; fileEncoding = 4; lastKnownFileType = sourcecode.c.h; name = EPlayerAPI.h; path = "Object-C/EPlayerAPI.h"; sourceTree = "<group>"; };
		90F9B7DC1EE59C0B00C2B5F4 /* EPlayerAPI_IMP.mm */ = {isa = PBXFileReference; fileEncoding = 4; lastKnownFileType = sourcecode.cpp.objcpp; name = EPlayerAPI_IMP.mm; path = "Object-C/EPlayerAPI_IMP.mm"; sourceTree = "<group>"; };
		90F9B7DE1EE59C0B00C2B5F4 /* MediaCtrl.cpp */ = {isa = PBXFileReference; fileEncoding = 4; lastKnownFileType = sourcecode.cpp.cpp; path = MediaCtrl.cpp; sourceTree = "<group>"; };
		90F9B7DF1EE59C0B00C2B5F4 /* MediaCtrl.h */ = {isa = PBXFileReference; fileEncoding = 4; lastKnownFileType = sourcecode.c.h; path = MediaCtrl.h; sourceTree = "<group>"; };
		90F9B7E01EE59C0B00C2B5F4 /* MessageHub.cpp */ = {isa = PBXFileReference; fileEncoding = 4; lastKnownFileType = sourcecode.cpp.cpp; path = MessageHub.cpp; sourceTree = "<group>"; };
		90F9B7E11EE59C0B00C2B5F4 /* MessageHub.h */ = {isa = PBXFileReference; fileEncoding = 4; lastKnownFileType = sourcecode.c.h; path = MessageHub.h; sourceTree = "<group>"; };
		90F9B7E31EE59C0B00C2B5F4 /* Player.cpp */ = {isa = PBXFileReference; fileEncoding = 4; lastKnownFileType = sourcecode.cpp.cpp; path = Player.cpp; sourceTree = "<group>"; };
		90F9B7E41EE59C0B00C2B5F4 /* Player.h */ = {isa = PBXFileReference; fileEncoding = 4; lastKnownFileType = sourcecode.c.h; path = Player.h; sourceTree = "<group>"; };
		90F9B7F81EE59C0B00C2B5F4 /* AudioDeviceI.h */ = {isa = PBXFileReference; fileEncoding = 4; lastKnownFileType = sourcecode.c.h; path = AudioDeviceI.h; sourceTree = "<group>"; };
		90F9B7F91EE59C0B00C2B5F4 /* AudioRender.cpp */ = {isa = PBXFileReference; fileEncoding = 4; lastKnownFileType = sourcecode.cpp.cpp; path = AudioRender.cpp; sourceTree = "<group>"; };
		90F9B7FA1EE59C0B00C2B5F4 /* AudioRender.h */ = {isa = PBXFileReference; fileEncoding = 4; lastKnownFileType = sourcecode.c.h; path = AudioRender.h; sourceTree = "<group>"; };
		90F9B80D1EE59C0B00C2B5F4 /* VideoDeviceI.h */ = {isa = PBXFileReference; fileEncoding = 4; lastKnownFileType = sourcecode.c.h; path = VideoDeviceI.h; sourceTree = "<group>"; };
		90F9B80E1EE59C0B00C2B5F4 /* VideoRender.cpp */ = {isa = PBXFileReference; fileEncoding = 4; lastKnownFileType = sourcecode.cpp.cpp; path = VideoRender.cpp; sourceTree = "<group>"; };
		90F9B80F1EE59C0B00C2B5F4 /* VideoRender.h */ = {isa = PBXFileReference; fileEncoding = 4; lastKnownFileType = sourcecode.c.h; path = VideoRender.h; sourceTree = "<group>"; };
		90F9B8111EE59C0B00C2B5F4 /* FFmpegReader.cpp */ = {isa = PBXFileReference; fileEncoding = 4; lastKnownFileType = sourcecode.cpp.cpp; path = FFmpegReader.cpp; sourceTree = "<group>"; };
		90F9B8121EE59C0B00C2B5F4 /* FFmpegReader.h */ = {isa = PBXFileReference; fileEncoding = 4; lastKnownFileType = sourcecode.c.h; path = FFmpegReader.h; sourceTree = "<group>"; };
		90F9B8131EE59C0B00C2B5F4 /* MediaSource.cpp */ = {isa = PBXFileReference; fileEncoding = 4; lastKnownFileType = sourcecode.cpp.cpp; path = MediaSource.cpp; sourceTree = "<group>"; };
		90F9B8141EE59C0B00C2B5F4 /* MediaSource.h */ = {isa = PBXFileReference; fileEncoding = 4; lastKnownFileType = sourcecode.c.h; path = MediaSource.h; sourceTree = "<group>"; };
		90F9B8151EE59C0B00C2B5F4 /* PacketManager.cpp */ = {isa = PBXFileReference; fileEncoding = 4; lastKnownFileType = sourcecode.cpp.cpp; path = PacketManager.cpp; sourceTree = "<group>"; };
		90F9B8161EE59C0B00C2B5F4 /* PacketManager.h */ = {isa = PBXFileReference; fileEncoding = 4; lastKnownFileType = sourcecode.c.h; path = PacketManager.h; sourceTree = "<group>"; };
		90F9B8171EE59C0B00C2B5F4 /* SourceAudioPort.cpp */ = {isa = PBXFileReference; fileEncoding = 4; lastKnownFileType = sourcecode.cpp.cpp; path = SourceAudioPort.cpp; sourceTree = "<group>"; };
		90F9B8181EE59C0B00C2B5F4 /* SourceAudioPort.h */ = {isa = PBXFileReference; fileEncoding = 4; lastKnownFileType = sourcecode.c.h; path = SourceAudioPort.h; sourceTree = "<group>"; };
		90F9B8191EE59C0B00C2B5F4 /* SourceVideoPort.cpp */ = {isa = PBXFileReference; fileEncoding = 4; lastKnownFileType = sourcecode.cpp.cpp; path = SourceVideoPort.cpp; sourceTree = "<group>"; };
		90F9B81A1EE59C0B00C2B5F4 /* SourceVideoPort.h */ = {isa = PBXFileReference; fileEncoding = 4; lastKnownFileType = sourcecode.c.h; path = SourceVideoPort.h; sourceTree = "<group>"; };
/* End PBXFileReference section */

/* Begin PBXFrameworksBuildPhase section */
		90F9B7871EE59B9900C2B5F4 /* Frameworks */ = {
			isa = PBXFrameworksBuildPhase;
			buildActionMask = 2147483647;
			files = (
				02B383AB1EE6D1BF00B5DAF4 /* libz.tbd in Frameworks */,
				02B383B41EE6D2AE00B5DAF4 /* libbz2.tbd in Frameworks */,
				02B383A51EE6CCF100B5DAF4 /* libavutil.a in Frameworks */,
				02B383A31EE6CCF100B5DAF4 /* libavfilter.a in Frameworks */,
				02B383A71EE6CCF100B5DAF4 /* libswscale.a in Frameworks */,
				02B383A21EE6CCF100B5DAF4 /* libavcodec.a in Frameworks */,
				02B383A41EE6CCF100B5DAF4 /* libavformat.a in Frameworks */,
				02B383A61EE6CCF100B5DAF4 /* libswresample.a in Frameworks */,
				02B383971EE6CCBD00B5DAF4 /* UIKit.framework in Frameworks */,
				02B383B31EE6D29900B5DAF4 /* OpenGLES.framework in Frameworks */,
				02B383B11EE6D22900B5DAF4 /* QuartzCore.framework in Frameworks */,
				02B383B21EE6D28500B5DAF4 /* AudioToolbox.framework in Frameworks */,
			);
			runOnlyForDeploymentPostprocessing = 0;
		};
/* End PBXFrameworksBuildPhase section */

/* Begin PBXGroup section */
		02B383951EE6CCBD00B5DAF4 /* Frameworks */ = {
			isa = PBXGroup;
			children = (
				02B383B01EE6D22900B5DAF4 /* QuartzCore.framework */,
				02B383AE1EE6D21300B5DAF4 /* CoreGraphics.framework */,
				02B383AC1EE6D1C700B5DAF4 /* libbz2.tbd */,
				02B383AA1EE6D1BF00B5DAF4 /* libz.tbd */,
				02B383A81EE6CD6200B5DAF4 /* OpenGLES.framework */,
				02B3839C1EE6CCF100B5DAF4 /* libavcodec.a */,
				02B3839D1EE6CCF100B5DAF4 /* libavfilter.a */,
				02B3839E1EE6CCF100B5DAF4 /* libavformat.a */,
				02B3839F1EE6CCF100B5DAF4 /* libavutil.a */,
				02B383A01EE6CCF100B5DAF4 /* libswresample.a */,
				02B383A11EE6CCF100B5DAF4 /* libswscale.a */,
				02B3839A1EE6CCCF00B5DAF4 /* AudioToolbox.framework */,
				02B383981EE6CCC300B5DAF4 /* CoreAudio.framework */,
				02B383961EE6CCBD00B5DAF4 /* UIKit.framework */,
			);
			name = Frameworks;
			sourceTree = "<group>";
		};
		90F9B7811EE59B9900C2B5F4 = {
			isa = PBXGroup;
			children = (
				90F9B78C1EE59B9900C2B5F4 /* iosPlayer */,
				90F9B7A41EE59BDA00C2B5F4 /* EPlayerSDK */,
				90F9B78B1EE59B9900C2B5F4 /* Products */,
				02B383951EE6CCBD00B5DAF4 /* Frameworks */,
			);
			sourceTree = "<group>";
		};
		90F9B78B1EE59B9900C2B5F4 /* Products */ = {
			isa = PBXGroup;
			children = (
				90F9B78A1EE59B9900C2B5F4 /* iosPlayer.app */,
			);
			name = Products;
			sourceTree = "<group>";
		};
		90F9B78C1EE59B9900C2B5F4 /* iosPlayer */ = {
			isa = PBXGroup;
			children = (
				90F9B7901EE59B9900C2B5F4 /* AppDelegate.h */,
				90F9B7911EE59B9900C2B5F4 /* AppDelegate.m */,
				90F9B7931EE59B9900C2B5F4 /* ViewController.h */,
				90F9B7941EE59B9900C2B5F4 /* ViewController.m */,
				90F9B7961EE59B9900C2B5F4 /* Main.storyboard */,
				90F9B7991EE59B9900C2B5F4 /* Assets.xcassets */,
				90F9B79B1EE59B9900C2B5F4 /* LaunchScreen.storyboard */,
				90F9B79E1EE59B9900C2B5F4 /* Info.plist */,
				90F9B78D1EE59B9900C2B5F4 /* Supporting Files */,
			);
			path = iosPlayer;
			sourceTree = "<group>";
		};
		90F9B78D1EE59B9900C2B5F4 /* Supporting Files */ = {
			isa = PBXGroup;
			children = (
				90F9B78E1EE59B9900C2B5F4 /* main.m */,
			);
			name = "Supporting Files";
			sourceTree = "<group>";
		};
		90F9B7A41EE59BDA00C2B5F4 /* EPlayerSDK */ = {
			isa = PBXGroup;
			children = (
				90F9B7D21EE59C0B00C2B5F4 /* exAPI */,
				90F9B7E21EE59C0B00C2B5F4 /* player */,
				90F9B7DD1EE59C0B00C2B5F4 /* framework */,
				90F9B8101EE59C0B00C2B5F4 /* source */,
				90F9B7C31EE59C0B00C2B5F4 /* decoder */,
				90F9B7E51EE59C0B00C2B5F4 /* render */,
				90F9B7C01EE59C0B00C2B5F4 /* clock */,
				90F9B7A51EE59C0B00C2B5F4 /* base */,
			);
			name = EPlayerSDK;
			sourceTree = "<group>";
		};
		90F9B7A51EE59C0B00C2B5F4 /* base */ = {
			isa = PBXGroup;
			children = (
				90F9B7A61EE59C0B00C2B5F4 /* ECAutoLock.cpp */,
				90F9B7A71EE59C0B00C2B5F4 /* ECAutoLock.h */,
				90F9B7A81EE59C0B00C2B5F4 /* ECBufferStream.cpp */,
				90F9B7A91EE59C0B00C2B5F4 /* ECBufferStream.h */,
				90F9B7AA1EE59C0B00C2B5F4 /* ECError.h */,
				90F9B7AB1EE59C0B00C2B5F4 /* ECLog.h */,
				90F9B7AC1EE59C0B00C2B5F4 /* ECMemOP.cpp */,
				90F9B7AD1EE59C0B00C2B5F4 /* ECMemOP.h */,
				90F9B7AE1EE59C0B00C2B5F4 /* ECMutex.cpp */,
				90F9B7AF1EE59C0B00C2B5F4 /* ECMutex.h */,
				90F9B7B01EE59C0B00C2B5F4 /* ECNode.h */,
				90F9B7B11EE59C0B00C2B5F4 /* ECOSDef.h */,
				90F9B7B21EE59C0B00C2B5F4 /* ECRingQueue.h */,
				90F9B7B31EE59C0B00C2B5F4 /* ECSignal.cpp */,
				90F9B7B41EE59C0B00C2B5F4 /* ECSignal.h */,
				90F9B7B51EE59C0B00C2B5F4 /* ECString.cpp */,
				90F9B7B61EE59C0B00C2B5F4 /* ECString.h */,
				90F9B7B71EE59C0B00C2B5F4 /* ECStringOP.cpp */,
				90F9B7B81EE59C0B00C2B5F4 /* ECStringOP.h */,
				90F9B7B91EE59C0B00C2B5F4 /* ECThreadDriver.cpp */,
				90F9B7BA1EE59C0B00C2B5F4 /* ECThreadDriver.h */,
				90F9B7BB1EE59C0B00C2B5F4 /* ECThreadWorker.cpp */,
				90F9B7BC1EE59C0B00C2B5F4 /* ECThreadWorker.h */,
				90F9B7BD1EE59C0B00C2B5F4 /* ECType.h */,
				90F9B7BE1EE59C0B00C2B5F4 /* ECUtil.cpp */,
				90F9B7BF1EE59C0B00C2B5F4 /* ECUtil.h */,
			);
			name = base;
			path = ../../../src/base;
			sourceTree = "<group>";
		};
		90F9B7C01EE59C0B00C2B5F4 /* clock */ = {
			isa = PBXGroup;
			children = (
				90F9B7C11EE59C0B00C2B5F4 /* MediaClock.cpp */,
				90F9B7C21EE59C0B00C2B5F4 /* MediaClock.h */,
			);
			name = clock;
			path = ../../../src/clock;
			sourceTree = "<group>";
		};
		90F9B7C31EE59C0B00C2B5F4 /* decoder */ = {
			isa = PBXGroup;
			children = (
				90F9B7C41EE59C0B00C2B5F4 /* audio */,
				90F9B7CB1EE59C0B00C2B5F4 /* video */,
			);
			name = decoder;
			path = ../../../src/decoder;
			sourceTree = "<group>";
		};
		90F9B7C41EE59C0B00C2B5F4 /* audio */ = {
			isa = PBXGroup;
			children = (
				90F9B7C51EE59C0B00C2B5F4 /* AudioDecoder.cpp */,
				90F9B7C61EE59C0B00C2B5F4 /* AudioDecoder.h */,
				90F9B7C71EE59C0B00C2B5F4 /* AudioDecPort.cpp */,
				90F9B7C81EE59C0B00C2B5F4 /* AudioDecPort.h */,
				90F9B7C91EE59C0B00C2B5F4 /* FFmpegAudioDecoder.cpp */,
				90F9B7CA1EE59C0B00C2B5F4 /* FFmpegAudioDecoder.h */,
			);
			path = audio;
			sourceTree = "<group>";
		};
		90F9B7CB1EE59C0B00C2B5F4 /* video */ = {
			isa = PBXGroup;
			children = (
				90F9B7CC1EE59C0B00C2B5F4 /* FFmpegVideoDecoder.cpp */,
				90F9B7CD1EE59C0B00C2B5F4 /* FFmpegVideoDecoder.h */,
				90F9B7CE1EE59C0B00C2B5F4 /* VideoDecoder.cpp */,
				90F9B7CF1EE59C0B00C2B5F4 /* VideoDecoder.h */,
				90F9B7D01EE59C0B00C2B5F4 /* VideoDecPort.cpp */,
				90F9B7D11EE59C0B00C2B5F4 /* VideoDecPort.h */,
			);
			path = video;
			sourceTree = "<group>";
		};
		90F9B7D21EE59C0B00C2B5F4 /* exAPI */ = {
			isa = PBXGroup;
			children = (
				90F9B7DB1EE59C0B00C2B5F4 /* EPlayerAPI.h */,
				90F9B7DC1EE59C0B00C2B5F4 /* EPlayerAPI_IMP.mm */,
			);
			name = exAPI;
			path = ../../../src/exAPI;
			sourceTree = "<group>";
		};
		90F9B7DD1EE59C0B00C2B5F4 /* framework */ = {
			isa = PBXGroup;
			children = (
				90F9B7DE1EE59C0B00C2B5F4 /* MediaCtrl.cpp */,
				90F9B7DF1EE59C0B00C2B5F4 /* MediaCtrl.h */,
				90F9B7E01EE59C0B00C2B5F4 /* MessageHub.cpp */,
				90F9B7E11EE59C0B00C2B5F4 /* MessageHub.h */,
			);
			name = framework;
			path = ../../../src/framework;
			sourceTree = "<group>";
		};
		90F9B7E21EE59C0B00C2B5F4 /* player */ = {
			isa = PBXGroup;
			children = (
				90F9B7E31EE59C0B00C2B5F4 /* Player.cpp */,
				90F9B7E41EE59C0B00C2B5F4 /* Player.h */,
			);
			name = player;
			path = ../../../src/player;
			sourceTree = "<group>";
		};
		90F9B7E51EE59C0B00C2B5F4 /* render */ = {
			isa = PBXGroup;
			children = (
				90F9B7E61EE59C0B00C2B5F4 /* audio */,
				90F9B7FB1EE59C0B00C2B5F4 /* video */,
			);
			name = render;
			path = ../../../src/render;
			sourceTree = "<group>";
		};
		90F9B7E61EE59C0B00C2B5F4 /* audio */ = {
			isa = PBXGroup;
			children = (
				90F9B7FA1EE59C0B00C2B5F4 /* AudioRender.h */,
				90F9B7F91EE59C0B00C2B5F4 /* AudioRender.cpp */,
				90F9B7F81EE59C0B00C2B5F4 /* AudioDeviceI.h */,
				021161CD1EE6C6FF0090FA94 /* iOS_AudioDevice.h */,
				021161CC1EE6C6FF0090FA94 /* iOS_AudioDevice.cpp */,
			);
			path = audio;
			sourceTree = "<group>";
		};
		90F9B7FB1EE59C0B00C2B5F4 /* video */ = {
			isa = PBXGroup;
			children = (
				90F9B80F1EE59C0B00C2B5F4 /* VideoRender.h */,
				90F9B80E1EE59C0B00C2B5F4 /* VideoRender.cpp */,
				90F9B80D1EE59C0B00C2B5F4 /* VideoDeviceI.h */,
				021161C31EE6B1AD0090FA94 /* iOS_VideoDevice.h */,
				021161C41EE6B1AD0090FA94 /* iOS_VideoDevice.mm */,
				021161C91EE6B6510090FA94 /* VideoWindow.h */,
				021161CA1EE6B6510090FA94 /* VideoWindow.mm */,
			);
			path = video;
			sourceTree = "<group>";
		};
		90F9B8101EE59C0B00C2B5F4 /* source */ = {
			isa = PBXGroup;
			children = (
				90F9B8111EE59C0B00C2B5F4 /* FFmpegReader.cpp */,
				90F9B8121EE59C0B00C2B5F4 /* FFmpegReader.h */,
				90F9B8131EE59C0B00C2B5F4 /* MediaSource.cpp */,
				90F9B8141EE59C0B00C2B5F4 /* MediaSource.h */,
				90F9B8151EE59C0B00C2B5F4 /* PacketManager.cpp */,
				90F9B8161EE59C0B00C2B5F4 /* PacketManager.h */,
				90F9B8171EE59C0B00C2B5F4 /* SourceAudioPort.cpp */,
				90F9B8181EE59C0B00C2B5F4 /* SourceAudioPort.h */,
				90F9B8191EE59C0B00C2B5F4 /* SourceVideoPort.cpp */,
				90F9B81A1EE59C0B00C2B5F4 /* SourceVideoPort.h */,
			);
			name = source;
			path = ../../../src/source;
			sourceTree = "<group>";
		};
/* End PBXGroup section */

/* Begin PBXNativeTarget section */
		90F9B7891EE59B9900C2B5F4 /* iosPlayer */ = {
			isa = PBXNativeTarget;
			buildConfigurationList = 90F9B7A11EE59B9900C2B5F4 /* Build configuration list for PBXNativeTarget "iosPlayer" */;
			buildPhases = (
				90F9B7861EE59B9900C2B5F4 /* Sources */,
				90F9B7871EE59B9900C2B5F4 /* Frameworks */,
				90F9B7881EE59B9900C2B5F4 /* Resources */,
			);
			buildRules = (
			);
			dependencies = (
			);
			name = iosPlayer;
			productName = iosPlayer;
			productReference = 90F9B78A1EE59B9900C2B5F4 /* iosPlayer.app */;
			productType = "com.apple.product-type.application";
		};
/* End PBXNativeTarget section */

/* Begin PBXProject section */
		90F9B7821EE59B9900C2B5F4 /* Project object */ = {
			isa = PBXProject;
			attributes = {
				LastUpgradeCheck = 0830;
				ORGANIZATIONNAME = EC;
				TargetAttributes = {
					90F9B7891EE59B9900C2B5F4 = {
						CreatedOnToolsVersion = 8.3.2;
						DevelopmentTeam = BE5A5MGFP2;
						ProvisioningStyle = Automatic;
					};
				};
			};
			buildConfigurationList = 90F9B7851EE59B9900C2B5F4 /* Build configuration list for PBXProject "iosPlayer" */;
			compatibilityVersion = "Xcode 3.2";
			developmentRegion = English;
			hasScannedForEncodings = 0;
			knownRegions = (
				en,
				Base,
			);
			mainGroup = 90F9B7811EE59B9900C2B5F4;
			productRefGroup = 90F9B78B1EE59B9900C2B5F4 /* Products */;
			projectDirPath = "";
			projectRoot = "";
			targets = (
				90F9B7891EE59B9900C2B5F4 /* iosPlayer */,
			);
		};
/* End PBXProject section */

/* Begin PBXResourcesBuildPhase section */
		90F9B7881EE59B9900C2B5F4 /* Resources */ = {
			isa = PBXResourcesBuildPhase;
			buildActionMask = 2147483647;
			files = (
				90F9B79D1EE59B9900C2B5F4 /* LaunchScreen.storyboard in Resources */,
				90F9B79A1EE59B9900C2B5F4 /* Assets.xcassets in Resources */,
				90F9B7981EE59B9900C2B5F4 /* Main.storyboard in Resources */,
			);
			runOnlyForDeploymentPostprocessing = 0;
		};
/* End PBXResourcesBuildPhase section */

/* Begin PBXSourcesBuildPhase section */
		90F9B7861EE59B9900C2B5F4 /* Sources */ = {
			isa = PBXSourcesBuildPhase;
			buildActionMask = 2147483647;
			files = (
				90F9B8261EE59C0B00C2B5F4 /* AudioDecoder.cpp in Sources */,
				90F9B8301EE59C0B00C2B5F4 /* MediaCtrl.cpp in Sources */,
				90F9B81D1EE59C0B00C2B5F4 /* ECMemOP.cpp in Sources */,
				90F9B8311EE59C0B00C2B5F4 /* MessageHub.cpp in Sources */,
				90F9B8421EE59C0B00C2B5F4 /* MediaSource.cpp in Sources */,
				90F9B82A1EE59C0B00C2B5F4 /* VideoDecoder.cpp in Sources */,
				90F9B8231EE59C0B00C2B5F4 /* ECThreadWorker.cpp in Sources */,
				90F9B8441EE59C0B00C2B5F4 /* SourceAudioPort.cpp in Sources */,
				90F9B7951EE59B9900C2B5F4 /* ViewController.m in Sources */,
				90F9B82B1EE59C0B00C2B5F4 /* VideoDecPort.cpp in Sources */,
				90F9B8271EE59C0B00C2B5F4 /* AudioDecPort.cpp in Sources */,
				90F9B8321EE59C0B00C2B5F4 /* Player.cpp in Sources */,
				90F9B8221EE59C0B00C2B5F4 /* ECThreadDriver.cpp in Sources */,
				90F9B8451EE59C0B00C2B5F4 /* SourceVideoPort.cpp in Sources */,
				90F9B8241EE59C0B00C2B5F4 /* ECUtil.cpp in Sources */,
				90F9B8391EE59C0B00C2B5F4 /* AudioRender.cpp in Sources */,
				021161CB1EE6B6510090FA94 /* VideoWindow.mm in Sources */,
				90F9B8281EE59C0B00C2B5F4 /* FFmpegAudioDecoder.cpp in Sources */,
				90F9B81B1EE59C0B00C2B5F4 /* ECAutoLock.cpp in Sources */,
				90F9B81F1EE59C0B00C2B5F4 /* ECSignal.cpp in Sources */,
				021161C51EE6B1AD0090FA94 /* iOS_VideoDevice.mm in Sources */,
				90F9B8411EE59C0B00C2B5F4 /* FFmpegReader.cpp in Sources */,
				021161CE1EE6C6FF0090FA94 /* iOS_AudioDevice.cpp in Sources */,
				90F9B81E1EE59C0B00C2B5F4 /* ECMutex.cpp in Sources */,
				90F9B8401EE59C0B00C2B5F4 /* VideoRender.cpp in Sources */,
				90F9B8201EE59C0B00C2B5F4 /* ECString.cpp in Sources */,
				90F9B7921EE59B9900C2B5F4 /* AppDelegate.m in Sources */,
				90F9B8211EE59C0B00C2B5F4 /* ECStringOP.cpp in Sources */,
				90F9B8251EE59C0B00C2B5F4 /* MediaClock.cpp in Sources */,
				90F9B81C1EE59C0B00C2B5F4 /* ECBufferStream.cpp in Sources */,
				90F9B8431EE59C0B00C2B5F4 /* PacketManager.cpp in Sources */,
				90F9B78F1EE59B9900C2B5F4 /* main.m in Sources */,
				90F9B82F1EE59C0B00C2B5F4 /* EPlayerAPI_IMP.mm in Sources */,
				90F9B8291EE59C0B00C2B5F4 /* FFmpegVideoDecoder.cpp in Sources */,
			);
			runOnlyForDeploymentPostprocessing = 0;
		};
/* End PBXSourcesBuildPhase section */

/* Begin PBXVariantGroup section */
		90F9B7961EE59B9900C2B5F4 /* Main.storyboard */ = {
			isa = PBXVariantGroup;
			children = (
				90F9B7971EE59B9900C2B5F4 /* Base */,
			);
			name = Main.storyboard;
			sourceTree = "<group>";
		};
		90F9B79B1EE59B9900C2B5F4 /* LaunchScreen.storyboard */ = {
			isa = PBXVariantGroup;
			children = (
				90F9B79C1EE59B9900C2B5F4 /* Base */,
			);
			name = LaunchScreen.storyboard;
			sourceTree = "<group>";
		};
/* End PBXVariantGroup section */

/* Begin XCBuildConfiguration section */
		90F9B79F1EE59B9900C2B5F4 /* Debug */ = {
			isa = XCBuildConfiguration;
			buildSettings = {
				ALWAYS_SEARCH_USER_PATHS = NO;
				CLANG_ANALYZER_NONNULL = YES;
				CLANG_ANALYZER_NUMBER_OBJECT_CONVERSION = YES_AGGRESSIVE;
				CLANG_CXX_LANGUAGE_STANDARD = "gnu++0x";
				CLANG_CXX_LIBRARY = "libc++";
				CLANG_ENABLE_MODULES = YES;
				CLANG_ENABLE_OBJC_ARC = YES;
				CLANG_WARN_BOOL_CONVERSION = YES;
				CLANG_WARN_CONSTANT_CONVERSION = YES;
				CLANG_WARN_DIRECT_OBJC_ISA_USAGE = YES_ERROR;
				CLANG_WARN_DOCUMENTATION_COMMENTS = YES;
				CLANG_WARN_EMPTY_BODY = YES;
				CLANG_WARN_ENUM_CONVERSION = YES;
				CLANG_WARN_INFINITE_RECURSION = YES;
				CLANG_WARN_INT_CONVERSION = YES;
				CLANG_WARN_OBJC_ROOT_CLASS = YES_ERROR;
				CLANG_WARN_SUSPICIOUS_MOVE = YES;
				CLANG_WARN_UNREACHABLE_CODE = YES;
				CLANG_WARN__DUPLICATE_METHOD_MATCH = YES;
				"CODE_SIGN_IDENTITY[sdk=iphoneos*]" = "iPhone Developer";
				COPY_PHASE_STRIP = NO;
				DEBUG_INFORMATION_FORMAT = dwarf;
				ENABLE_STRICT_OBJC_MSGSEND = YES;
				ENABLE_TESTABILITY = YES;
				GCC_C_LANGUAGE_STANDARD = gnu99;
				GCC_DYNAMIC_NO_PIC = NO;
				GCC_NO_COMMON_BLOCKS = YES;
				GCC_OPTIMIZATION_LEVEL = 0;
				GCC_PREPROCESSOR_DEFINITIONS = EC_OS_iOS;
				GCC_WARN_64_TO_32_BIT_CONVERSION = YES;
				GCC_WARN_ABOUT_RETURN_TYPE = YES_ERROR;
				GCC_WARN_UNDECLARED_SELECTOR = YES;
				GCC_WARN_UNINITIALIZED_AUTOS = YES_AGGRESSIVE;
				GCC_WARN_UNUSED_FUNCTION = YES;
				GCC_WARN_UNUSED_VARIABLE = YES;
				HEADER_SEARCH_PATHS = "$(PROJECT_DIR)/../../../thirdparty/ffmpeg/export/include";
				IPHONEOS_DEPLOYMENT_TARGET = 9.0;
				LIBRARY_SEARCH_PATHS = "$(PROJECT_DIR)/../../../thirdparty/ffmpeg/export/bin/ios";
				MTL_ENABLE_DEBUG_INFO = YES;
				ONLY_ACTIVE_ARCH = YES;
				SDKROOT = iphoneos;
				TARGETED_DEVICE_FAMILY = "1,2";
			};
			name = Debug;
		};
		90F9B7A01EE59B9900C2B5F4 /* Release */ = {
			isa = XCBuildConfiguration;
			buildSettings = {
				ALWAYS_SEARCH_USER_PATHS = NO;
				CLANG_ANALYZER_NONNULL = YES;
				CLANG_ANALYZER_NUMBER_OBJECT_CONVERSION = YES_AGGRESSIVE;
				CLANG_CXX_LANGUAGE_STANDARD = "gnu++0x";
				CLANG_CXX_LIBRARY = "libc++";
				CLANG_ENABLE_MODULES = YES;
				CLANG_ENABLE_OBJC_ARC = YES;
				CLANG_WARN_BOOL_CONVERSION = YES;
				CLANG_WARN_CONSTANT_CONVERSION = YES;
				CLANG_WARN_DIRECT_OBJC_ISA_USAGE = YES_ERROR;
				CLANG_WARN_DOCUMENTATION_COMMENTS = YES;
				CLANG_WARN_EMPTY_BODY = YES;
				CLANG_WARN_ENUM_CONVERSION = YES;
				CLANG_WARN_INFINITE_RECURSION = YES;
				CLANG_WARN_INT_CONVERSION = YES;
				CLANG_WARN_OBJC_ROOT_CLASS = YES_ERROR;
				CLANG_WARN_SUSPICIOUS_MOVE = YES;
				CLANG_WARN_UNREACHABLE_CODE = YES;
				CLANG_WARN__DUPLICATE_METHOD_MATCH = YES;
				"CODE_SIGN_IDENTITY[sdk=iphoneos*]" = "iPhone Developer";
				COPY_PHASE_STRIP = NO;
				DEBUG_INFORMATION_FORMAT = "dwarf-with-dsym";
				ENABLE_NS_ASSERTIONS = NO;
				ENABLE_STRICT_OBJC_MSGSEND = YES;
				GCC_C_LANGUAGE_STANDARD = gnu99;
				GCC_NO_COMMON_BLOCKS = YES;
				GCC_PREPROCESSOR_DEFINITIONS = EC_OS_iOS;
				GCC_WARN_64_TO_32_BIT_CONVERSION = YES;
				GCC_WARN_ABOUT_RETURN_TYPE = YES_ERROR;
				GCC_WARN_UNDECLARED_SELECTOR = YES;
				GCC_WARN_UNINITIALIZED_AUTOS = YES_AGGRESSIVE;
				GCC_WARN_UNUSED_FUNCTION = YES;
				GCC_WARN_UNUSED_VARIABLE = YES;
				HEADER_SEARCH_PATHS = "$(PROJECT_DIR)/../../../thirdparty/ffmpeg/export/include";
				IPHONEOS_DEPLOYMENT_TARGET = 9.0;
				LIBRARY_SEARCH_PATHS = "$(PROJECT_DIR)/../../../thirdparty/ffmpeg/export/bin/ios";
				MTL_ENABLE_DEBUG_INFO = NO;
				SDKROOT = iphoneos;
				TARGETED_DEVICE_FAMILY = "1,2";
				VALIDATE_PRODUCT = YES;
			};
			name = Release;
		};
		90F9B7A21EE59B9900C2B5F4 /* Debug */ = {
			isa = XCBuildConfiguration;
			buildSettings = {
				ASSETCATALOG_COMPILER_APPICON_NAME = AppIcon;
				DEVELOPMENT_TEAM = BE5A5MGFP2;
				GCC_INPUT_FILETYPE = sourcecode.cpp.objcpp;
				INFOPLIST_FILE = iosPlayer/Info.plist;
				LD_RUNPATH_SEARCH_PATHS = "$(inherited) @executable_path/Frameworks";
				PRODUCT_BUNDLE_IDENTIFIER = www.eplayer.me.iosPlayer.test;
				PRODUCT_NAME = "$(TARGET_NAME)";
			};
			name = Debug;
		};
		90F9B7A31EE59B9900C2B5F4 /* Release */ = {
			isa = XCBuildConfiguration;
			buildSettings = {
				ASSETCATALOG_COMPILER_APPICON_NAME = AppIcon;
				DEVELOPMENT_TEAM = BE5A5MGFP2;
				GCC_INPUT_FILETYPE = sourcecode.cpp.objcpp;
				INFOPLIST_FILE = iosPlayer/Info.plist;
				LD_RUNPATH_SEARCH_PATHS = "$(inherited) @executable_path/Frameworks";
				PRODUCT_BUNDLE_IDENTIFIER = www.eplayer.me.iosPlayer.test;
				PRODUCT_NAME = "$(TARGET_NAME)";
			};
			name = Release;
		};
/* End XCBuildConfiguration section */

/* Begin XCConfigurationList section */
		90F9B7851EE59B9900C2B5F4 /* Build configuration list for PBXProject "iosPlayer" */ = {
			isa = XCConfigurationList;
			buildConfigurations = (
				90F9B79F1EE59B9900C2B5F4 /* Debug */,
				90F9B7A01EE59B9900C2B5F4 /* Release */,
			);
			defaultConfigurationIsVisible = 0;
			defaultConfigurationName = Release;
		};
		90F9B7A11EE59B9900C2B5F4 /* Build configuration list for PBXNativeTarget "iosPlayer" */ = {
			isa = XCConfigurationList;
			buildConfigurations = (
				90F9B7A21EE59B9900C2B5F4 /* Debug */,
				90F9B7A31EE59B9900C2B5F4 /* Release */,
			);
			defaultConfigurationIsVisible = 0;
			defaultConfigurationName = Release;
		};
/* End XCConfigurationList section */
	};
	rootObject = 90F9B7821EE59B9900C2B5F4 /* Project object */;
}
